PODS:
  - Formatter (0.3.2)
  - Hex (2.0)
  - InputValidator (0.8.4):
    - Validation (~> 0.3.0)
  - Validation (0.3.0)

DEPENDENCIES:
  - Formatter
  - Hex
  - InputValidator

SPEC CHECKSUMS:
  Formatter: 72dd704f3afecc618599b79a44d68b7f78f388ce
  Hex: 1800bd20206b93b10422d2289baa3787698825ad
  InputValidator: 0324fddf9f2137c3d2edde50686d414b64190679
  Validation: d1ec383698a97d2c7541fa013ddbec239fd0ef41

COCOAPODS: 0.38.2
