PODS:
  - Formatter (0.1.0)
  - Hex (2.0)
  - InputValidator (0.2.0)

DEPENDENCIES:
  - Formatter
  - Hex
  - InputValidator

SPEC CHECKSUMS:
  Formatter: 16f32f45c91840c69fc66be28247e3803376c37d
  Hex: 1800bd20206b93b10422d2289baa3787698825ad
  InputValidator: a0ccb0d611bd0b2b8fbf1c9f8a09f2251bf53e23

COCOAPODS: 0.38.2
