PODS:
  - Formatter (1.0.0)
  - Hex (5.0.0)
  - InputValidator (1.0.0):
    - Validation (~> 1.0.0)
  - Validation (1.0.0)

DEPENDENCIES:
  - Formatter (~> 1.0.0)
  - Hex
  - InputValidator (~> 1.0.0)

SPEC CHECKSUMS:
  Formatter: 81601aa8bcbbac4cc18f1665913b691930a99470
  Hex: 024e4dba5d5a9351e7817713f3dee61553258dcd
  InputValidator: b1c9506bb83e7b2cb833b36ed46761ca6b178c91
  Validation: 83854cbaef20c06bbe703f9db18d64aea9592840

PODFILE CHECKSUM: dba6fd3cfa98c112a4aebd7d0e030ebdc2d5b410

COCOAPODS: 1.1.0.rc.2
