// !$*UTF8*$!
{
	archiveVersion = 1;
	classes = {
	};
	objectVersion = 46;
	objects = {

/* Begin PBXBuildFile section */
		145009121F955EB50037A35F /* CardExpirationDateFormatterTests.swift in Sources */ = {isa = PBXBuildFile; fileRef = 14C60D361F955D9700FF2967 /* CardExpirationDateFormatterTests.swift */; };
		145009131F955EB80037A35F /* CardNumberFormatterTests.swift in Sources */ = {isa = PBXBuildFile; fileRef = 14C60D371F955D9700FF2967 /* CardNumberFormatterTests.swift */; };
		145009141F955EC00037A35F /* CardExpirationDateInputValidatorTests.swift in Sources */ = {isa = PBXBuildFile; fileRef = 14C60D231F955CD700FF2967 /* CardExpirationDateInputValidatorTests.swift */; };
		145009151F955EC30037A35F /* DecimalInputValidatorTests.swift in Sources */ = {isa = PBXBuildFile; fileRef = 14C60D241F955CD700FF2967 /* DecimalInputValidatorTests.swift */; };
		145009161F955EC60037A35F /* InputValidatableTests.swift in Sources */ = {isa = PBXBuildFile; fileRef = 14C60D251F955CD700FF2967 /* InputValidatableTests.swift */; };
		145009171F955ECA0037A35F /* RequiredInputValidatorTests.swift in Sources */ = {isa = PBXBuildFile; fileRef = 14C60D261F955CD700FF2967 /* RequiredInputValidatorTests.swift */; };
		145009181F955ECE0037A35F /* ValidationTests.swift in Sources */ = {isa = PBXBuildFile; fileRef = 14C60D1F1F955C9B00FF2967 /* ValidationTests.swift */; };
		145FDD121C4506AF00F9DC70 /* Controller.swift in Sources */ = {isa = PBXBuildFile; fileRef = 145FDD0F1C4506AF00F9DC70 /* Controller.swift */; };
		145FDD131C4506AF00F9DC70 /* FormTextFieldCell.swift in Sources */ = {isa = PBXBuildFile; fileRef = 145FDD101C4506AF00F9DC70 /* FormTextFieldCell.swift */; };
		145FDD141C4506AF00F9DC70 /* HeaderCell.swift in Sources */ = {isa = PBXBuildFile; fileRef = 145FDD111C4506AF00F9DC70 /* HeaderCell.swift */; };
		145FDD171C4506D800F9DC70 /* Controller.swift in Sources */ = {isa = PBXBuildFile; fileRef = 145FDD151C4506D800F9DC70 /* Controller.swift */; };
		145FDD181C4506D800F9DC70 /* CustomStyle.swift in Sources */ = {isa = PBXBuildFile; fileRef = 145FDD161C4506D800F9DC70 /* CustomStyle.swift */; };
		14647AC91C4506360046399A /* AppDelegate.swift in Sources */ = {isa = PBXBuildFile; fileRef = 14647AC81C4506360046399A /* AppDelegate.swift */; };
		14647ACB1C4506360046399A /* Assets.xcassets in Resources */ = {isa = PBXBuildFile; fileRef = 14647ACA1C4506360046399A /* Assets.xcassets */; };
		14647ACE1C4506360046399A /* LaunchScreen.storyboard in Resources */ = {isa = PBXBuildFile; fileRef = 14647ACC1C4506360046399A /* LaunchScreen.storyboard */; };
		14647ADA1C45063C0046399A /* AppDelegate.swift in Sources */ = {isa = PBXBuildFile; fileRef = 14647AD91C45063C0046399A /* AppDelegate.swift */; };
		14647ADC1C45063C0046399A /* Assets.xcassets in Resources */ = {isa = PBXBuildFile; fileRef = 14647ADB1C45063C0046399A /* Assets.xcassets */; };
		14647ADF1C45063C0046399A /* LaunchScreen.storyboard in Resources */ = {isa = PBXBuildFile; fileRef = 14647ADD1C45063C0046399A /* LaunchScreen.storyboard */; };
		1469B03F1C4511670027138C /* Field.swift in Sources */ = {isa = PBXBuildFile; fileRef = 1469B03E1C4511670027138C /* Field.swift */; };
		14A139B41AEFC72B00AD732F /* Tests.swift in Sources */ = {isa = PBXBuildFile; fileRef = 14A139B31AEFC72B00AD732F /* Tests.swift */; };
		14C60D2D1F955CF700FF2967 /* Validation.swift in Sources */ = {isa = PBXBuildFile; fileRef = 14C60D211F955CB700FF2967 /* Validation.swift */; };
		14C60D301F955D0D00FF2967 /* CardExpirationDateInputValidator.swift in Sources */ = {isa = PBXBuildFile; fileRef = 14C60D281F955CF400FF2967 /* CardExpirationDateInputValidator.swift */; };
		14C60D311F955D0D00FF2967 /* DecimalInputValidator.swift in Sources */ = {isa = PBXBuildFile; fileRef = 14C60D291F955CF400FF2967 /* DecimalInputValidator.swift */; };
		14C60D321F955D0D00FF2967 /* InputValidatable.swift in Sources */ = {isa = PBXBuildFile; fileRef = 14C60D2A1F955CF400FF2967 /* InputValidatable.swift */; };
		14C60D331F955D0D00FF2967 /* InputValidator.swift in Sources */ = {isa = PBXBuildFile; fileRef = 14C60D2B1F955CF400FF2967 /* InputValidator.swift */; };
		14C60D341F955D0D00FF2967 /* RequiredInputValidator.swift in Sources */ = {isa = PBXBuildFile; fileRef = 14C60D2C1F955CF400FF2967 /* RequiredInputValidator.swift */; };
		14C60D3D1F955DC300FF2967 /* Formattable.swift in Sources */ = {isa = PBXBuildFile; fileRef = 14C60D3C1F955DA500FF2967 /* Formattable.swift */; };
		14C60D3E1F955DC800FF2967 /* CardNumberFormatter.swift in Sources */ = {isa = PBXBuildFile; fileRef = 14C60D3B1F955DA500FF2967 /* CardNumberFormatter.swift */; };
		14C60D3F1F955DCB00FF2967 /* CardExpirationDateFormatter.swift in Sources */ = {isa = PBXBuildFile; fileRef = 14C60D3A1F955DA500FF2967 /* CardExpirationDateFormatter.swift */; };
		14E02DF61F9E76D8003A8F10 /* UIColor+Hex.swift in Sources */ = {isa = PBXBuildFile; fileRef = 14E02DF51F9E76D8003A8F10 /* UIColor+Hex.swift */; };
		14E02DF71F9E77CB003A8F10 /* CardExpirationDateFormatter.swift in Sources */ = {isa = PBXBuildFile; fileRef = 14C60D3A1F955DA500FF2967 /* CardExpirationDateFormatter.swift */; settings = {ATTRIBUTES = (Public, ); }; };
		14E02DF81F9E77CB003A8F10 /* CardNumberFormatter.swift in Sources */ = {isa = PBXBuildFile; fileRef = 14C60D3B1F955DA500FF2967 /* CardNumberFormatter.swift */; settings = {ATTRIBUTES = (Public, ); }; };
		14E02DF91F9E77CB003A8F10 /* Formattable.swift in Sources */ = {isa = PBXBuildFile; fileRef = 14C60D3C1F955DA500FF2967 /* Formattable.swift */; settings = {ATTRIBUTES = (Public, ); }; };
		14E02DFA1F9E77CB003A8F10 /* CardExpirationDateInputValidator.swift in Sources */ = {isa = PBXBuildFile; fileRef = 14C60D281F955CF400FF2967 /* CardExpirationDateInputValidator.swift */; settings = {ATTRIBUTES = (Public, ); }; };
		14E02DFB1F9E77CB003A8F10 /* DecimalInputValidator.swift in Sources */ = {isa = PBXBuildFile; fileRef = 14C60D291F955CF400FF2967 /* DecimalInputValidator.swift */; settings = {ATTRIBUTES = (Public, ); }; };
		14E02DFC1F9E77CB003A8F10 /* InputValidatable.swift in Sources */ = {isa = PBXBuildFile; fileRef = 14C60D2A1F955CF400FF2967 /* InputValidatable.swift */; settings = {ATTRIBUTES = (Public, ); }; };
		14E02DFD1F9E77CB003A8F10 /* InputValidator.swift in Sources */ = {isa = PBXBuildFile; fileRef = 14C60D2B1F955CF400FF2967 /* InputValidator.swift */; settings = {ATTRIBUTES = (Public, ); }; };
		14E02DFE1F9E77CB003A8F10 /* RequiredInputValidator.swift in Sources */ = {isa = PBXBuildFile; fileRef = 14C60D2C1F955CF400FF2967 /* RequiredInputValidator.swift */; settings = {ATTRIBUTES = (Public, ); }; };
		14E02DFF1F9E77CB003A8F10 /* Validation.swift in Sources */ = {isa = PBXBuildFile; fileRef = 14C60D211F955CB700FF2967 /* Validation.swift */; settings = {ATTRIBUTES = (Public, ); }; };
		14E02E001F9E77CB003A8F10 /* FormTextField.swift in Sources */ = {isa = PBXBuildFile; fileRef = 444679081D8A75FB0002A3BD /* FormTextField.swift */; settings = {ATTRIBUTES = (Public, ); }; };
		14E02E011F9E77CB003A8F10 /* FormTextFieldClearButton.swift in Sources */ = {isa = PBXBuildFile; fileRef = 444679091D8A75FB0002A3BD /* FormTextFieldClearButton.swift */; settings = {ATTRIBUTES = (Public, ); }; };
		14E02E021F9E77CB003A8F10 /* FormTextFieldTypeManager.swift in Sources */ = {isa = PBXBuildFile; fileRef = 4446790A1D8A75FB0002A3BD /* FormTextFieldTypeManager.swift */; settings = {ATTRIBUTES = (Public, ); }; };
		14EAF2701F9D3E7D00BE6D20 /* FormTextField.h in Headers */ = {isa = PBXBuildFile; fileRef = 14EAF26F1F9D3E7D00BE6D20 /* FormTextField.h */; settings = {ATTRIBUTES = (Public, ); }; };
		14EAF27E1F9D3F0F00BE6D20 /* FormTextField.framework in Frameworks */ = {isa = PBXBuildFile; fileRef = 14EAF2671F9D3E5100BE6D20 /* FormTextField.framework */; };
		14EAF27F1F9D3F0F00BE6D20 /* FormTextField.framework in Embed Frameworks */ = {isa = PBXBuildFile; fileRef = 14EAF2671F9D3E5100BE6D20 /* FormTextField.framework */; settings = {ATTRIBUTES = (CodeSignOnCopy, RemoveHeadersOnCopy, ); }; };
		14EAF2831F9D3F1600BE6D20 /* FormTextField.framework in Frameworks */ = {isa = PBXBuildFile; fileRef = 14EAF2671F9D3E5100BE6D20 /* FormTextField.framework */; };
		14EAF2841F9D3F1600BE6D20 /* FormTextField.framework in Embed Frameworks */ = {isa = PBXBuildFile; fileRef = 14EAF2671F9D3E5100BE6D20 /* FormTextField.framework */; settings = {ATTRIBUTES = (CodeSignOnCopy, RemoveHeadersOnCopy, ); }; };
		4446790B1D8A75FB0002A3BD /* FormTextField.swift in Sources */ = {isa = PBXBuildFile; fileRef = 444679081D8A75FB0002A3BD /* FormTextField.swift */; };
		4446790C1D8A75FB0002A3BD /* FormTextFieldClearButton.swift in Sources */ = {isa = PBXBuildFile; fileRef = 444679091D8A75FB0002A3BD /* FormTextFieldClearButton.swift */; };
		4446790D1D8A75FB0002A3BD /* FormTextFieldTypeManager.swift in Sources */ = {isa = PBXBuildFile; fileRef = 4446790A1D8A75FB0002A3BD /* FormTextFieldTypeManager.swift */; };
/* End PBXBuildFile section */

/* Begin PBXContainerItemProxy section */
		14EAF2801F9D3F0F00BE6D20 /* PBXContainerItemProxy */ = {
			isa = PBXContainerItemProxy;
			containerPortal = 146D728B1AB782920058798C /* Project object */;
			proxyType = 1;
			remoteGlobalIDString = 14EAF2661F9D3E5100BE6D20;
			remoteInfo = "FormTextField-iOS";
		};
		14EAF2851F9D3F1600BE6D20 /* PBXContainerItemProxy */ = {
			isa = PBXContainerItemProxy;
			containerPortal = 146D728B1AB782920058798C /* Project object */;
			proxyType = 1;
			remoteGlobalIDString = 14EAF2661F9D3E5100BE6D20;
			remoteInfo = "FormTextField-iOS";
		};
/* End PBXContainerItemProxy section */

/* Begin PBXCopyFilesBuildPhase section */
		14EAF2821F9D3F0F00BE6D20 /* Embed Frameworks */ = {
			isa = PBXCopyFilesBuildPhase;
			buildActionMask = 2147483647;
			dstPath = "";
			dstSubfolderSpec = 10;
			files = (
				14EAF27F1F9D3F0F00BE6D20 /* FormTextField.framework in Embed Frameworks */,
			);
			name = "Embed Frameworks";
			runOnlyForDeploymentPostprocessing = 0;
		};
		14EAF2871F9D3F1600BE6D20 /* Embed Frameworks */ = {
			isa = PBXCopyFilesBuildPhase;
			buildActionMask = 2147483647;
			dstPath = "";
			dstSubfolderSpec = 10;
			files = (
				14EAF2841F9D3F1600BE6D20 /* FormTextField.framework in Embed Frameworks */,
			);
			name = "Embed Frameworks";
			runOnlyForDeploymentPostprocessing = 0;
		};
/* End PBXCopyFilesBuildPhase section */

/* Begin PBXFileReference section */
		145FDD0F1C4506AF00F9DC70 /* Controller.swift */ = {isa = PBXFileReference; fileEncoding = 4; lastKnownFileType = sourcecode.swift; path = Controller.swift; sourceTree = "<group>"; };
		145FDD101C4506AF00F9DC70 /* FormTextFieldCell.swift */ = {isa = PBXFileReference; fileEncoding = 4; lastKnownFileType = sourcecode.swift; path = FormTextFieldCell.swift; sourceTree = "<group>"; };
		145FDD111C4506AF00F9DC70 /* HeaderCell.swift */ = {isa = PBXFileReference; fileEncoding = 4; lastKnownFileType = sourcecode.swift; path = HeaderCell.swift; sourceTree = "<group>"; };
		145FDD151C4506D800F9DC70 /* Controller.swift */ = {isa = PBXFileReference; fileEncoding = 4; lastKnownFileType = sourcecode.swift; path = Controller.swift; sourceTree = "<group>"; };
		145FDD161C4506D800F9DC70 /* CustomStyle.swift */ = {isa = PBXFileReference; fileEncoding = 4; lastKnownFileType = sourcecode.swift; path = CustomStyle.swift; sourceTree = "<group>"; };
		14647AC61C4506360046399A /* Native.app */ = {isa = PBXFileReference; explicitFileType = wrapper.application; includeInIndex = 0; path = Native.app; sourceTree = BUILT_PRODUCTS_DIR; };
		14647AC81C4506360046399A /* AppDelegate.swift */ = {isa = PBXFileReference; lastKnownFileType = sourcecode.swift; path = AppDelegate.swift; sourceTree = "<group>"; };
		14647ACA1C4506360046399A /* Assets.xcassets */ = {isa = PBXFileReference; lastKnownFileType = folder.assetcatalog; path = Assets.xcassets; sourceTree = "<group>"; };
		14647ACD1C4506360046399A /* Base */ = {isa = PBXFileReference; lastKnownFileType = file.storyboard; name = Base; path = Base.lproj/LaunchScreen.storyboard; sourceTree = "<group>"; };
		14647ACF1C4506360046399A /* Info.plist */ = {isa = PBXFileReference; lastKnownFileType = text.plist.xml; path = Info.plist; sourceTree = "<group>"; };
		14647AD71C45063C0046399A /* Custom.app */ = {isa = PBXFileReference; explicitFileType = wrapper.application; includeInIndex = 0; path = Custom.app; sourceTree = BUILT_PRODUCTS_DIR; };
		14647AD91C45063C0046399A /* AppDelegate.swift */ = {isa = PBXFileReference; lastKnownFileType = sourcecode.swift; path = AppDelegate.swift; sourceTree = "<group>"; };
		14647ADB1C45063C0046399A /* Assets.xcassets */ = {isa = PBXFileReference; lastKnownFileType = folder.assetcatalog; path = Assets.xcassets; sourceTree = "<group>"; };
		14647ADE1C45063C0046399A /* Base */ = {isa = PBXFileReference; lastKnownFileType = file.storyboard; name = Base; path = Base.lproj/LaunchScreen.storyboard; sourceTree = "<group>"; };
		14647AE01C45063C0046399A /* Info.plist */ = {isa = PBXFileReference; lastKnownFileType = text.plist.xml; path = Info.plist; sourceTree = "<group>"; };
		1469B03E1C4511670027138C /* Field.swift */ = {isa = PBXFileReference; fileEncoding = 4; lastKnownFileType = sourcecode.swift; path = Field.swift; sourceTree = "<group>"; };
		146D72AC1AB782920058798C /* Tests.xctest */ = {isa = PBXFileReference; explicitFileType = wrapper.cfbundle; includeInIndex = 0; path = Tests.xctest; sourceTree = BUILT_PRODUCTS_DIR; };
		146D72B11AB782920058798C /* Info.plist */ = {isa = PBXFileReference; lastKnownFileType = text.plist.xml; path = Info.plist; sourceTree = "<group>"; };
		14A139B31AEFC72B00AD732F /* Tests.swift */ = {isa = PBXFileReference; fileEncoding = 4; lastKnownFileType = sourcecode.swift; path = Tests.swift; sourceTree = "<group>"; };
		14C0AF811BD6D4230009ECBE /* CHANGELOG.md */ = {isa = PBXFileReference; lastKnownFileType = net.daringfireball.markdown; path = CHANGELOG.md; sourceTree = "<group>"; };
		14C0AF821BD6D4230009ECBE /* CONTRIBUTING.md */ = {isa = PBXFileReference; lastKnownFileType = net.daringfireball.markdown; path = CONTRIBUTING.md; sourceTree = "<group>"; };
		14C0AF831BD6D4230009ECBE /* README.md */ = {isa = PBXFileReference; lastKnownFileType = net.daringfireball.markdown; path = README.md; sourceTree = "<group>"; };
		14C60D1F1F955C9B00FF2967 /* ValidationTests.swift */ = {isa = PBXFileReference; lastKnownFileType = sourcecode.swift; path = ValidationTests.swift; sourceTree = "<group>"; };
		14C60D211F955CB700FF2967 /* Validation.swift */ = {isa = PBXFileReference; lastKnownFileType = sourcecode.swift; path = Validation.swift; sourceTree = "<group>"; };
		14C60D231F955CD700FF2967 /* CardExpirationDateInputValidatorTests.swift */ = {isa = PBXFileReference; lastKnownFileType = sourcecode.swift; path = CardExpirationDateInputValidatorTests.swift; sourceTree = "<group>"; };
		14C60D241F955CD700FF2967 /* DecimalInputValidatorTests.swift */ = {isa = PBXFileReference; lastKnownFileType = sourcecode.swift; path = DecimalInputValidatorTests.swift; sourceTree = "<group>"; };
		14C60D251F955CD700FF2967 /* InputValidatableTests.swift */ = {isa = PBXFileReference; lastKnownFileType = sourcecode.swift; path = InputValidatableTests.swift; sourceTree = "<group>"; };
		14C60D261F955CD700FF2967 /* RequiredInputValidatorTests.swift */ = {isa = PBXFileReference; lastKnownFileType = sourcecode.swift; path = RequiredInputValidatorTests.swift; sourceTree = "<group>"; };
		14C60D281F955CF400FF2967 /* CardExpirationDateInputValidator.swift */ = {isa = PBXFileReference; lastKnownFileType = sourcecode.swift; path = CardExpirationDateInputValidator.swift; sourceTree = "<group>"; };
		14C60D291F955CF400FF2967 /* DecimalInputValidator.swift */ = {isa = PBXFileReference; lastKnownFileType = sourcecode.swift; path = DecimalInputValidator.swift; sourceTree = "<group>"; };
		14C60D2A1F955CF400FF2967 /* InputValidatable.swift */ = {isa = PBXFileReference; lastKnownFileType = sourcecode.swift; path = InputValidatable.swift; sourceTree = "<group>"; };
		14C60D2B1F955CF400FF2967 /* InputValidator.swift */ = {isa = PBXFileReference; lastKnownFileType = sourcecode.swift; path = InputValidator.swift; sourceTree = "<group>"; };
		14C60D2C1F955CF400FF2967 /* RequiredInputValidator.swift */ = {isa = PBXFileReference; lastKnownFileType = sourcecode.swift; path = RequiredInputValidator.swift; sourceTree = "<group>"; };
		14C60D361F955D9700FF2967 /* CardExpirationDateFormatterTests.swift */ = {isa = PBXFileReference; lastKnownFileType = sourcecode.swift; path = CardExpirationDateFormatterTests.swift; sourceTree = "<group>"; };
		14C60D371F955D9700FF2967 /* CardNumberFormatterTests.swift */ = {isa = PBXFileReference; lastKnownFileType = sourcecode.swift; path = CardNumberFormatterTests.swift; sourceTree = "<group>"; };
		14C60D3A1F955DA500FF2967 /* CardExpirationDateFormatter.swift */ = {isa = PBXFileReference; lastKnownFileType = sourcecode.swift; path = CardExpirationDateFormatter.swift; sourceTree = "<group>"; };
		14C60D3B1F955DA500FF2967 /* CardNumberFormatter.swift */ = {isa = PBXFileReference; lastKnownFileType = sourcecode.swift; path = CardNumberFormatter.swift; sourceTree = "<group>"; };
		14C60D3C1F955DA500FF2967 /* Formattable.swift */ = {isa = PBXFileReference; lastKnownFileType = sourcecode.swift; path = Formattable.swift; sourceTree = "<group>"; };
		14E02DF51F9E76D8003A8F10 /* UIColor+Hex.swift */ = {isa = PBXFileReference; lastKnownFileType = sourcecode.swift; path = "UIColor+Hex.swift"; sourceTree = "<group>"; };
		14EAF2671F9D3E5100BE6D20 /* FormTextField.framework */ = {isa = PBXFileReference; explicitFileType = wrapper.framework; includeInIndex = 0; path = FormTextField.framework; sourceTree = BUILT_PRODUCTS_DIR; };
		14EAF26F1F9D3E7D00BE6D20 /* FormTextField.h */ = {isa = PBXFileReference; fileEncoding = 4; lastKnownFileType = sourcecode.c.h; path = FormTextField.h; sourceTree = "<group>"; };
		14EAF2711F9D3EAE00BE6D20 /* FrameworkInfo.plist */ = {isa = PBXFileReference; lastKnownFileType = text.plist.xml; path = FrameworkInfo.plist; sourceTree = "<group>"; };
		444679081D8A75FB0002A3BD /* FormTextField.swift */ = {isa = PBXFileReference; fileEncoding = 4; lastKnownFileType = sourcecode.swift; path = FormTextField.swift; sourceTree = "<group>"; };
		444679091D8A75FB0002A3BD /* FormTextFieldClearButton.swift */ = {isa = PBXFileReference; fileEncoding = 4; lastKnownFileType = sourcecode.swift; path = FormTextFieldClearButton.swift; sourceTree = "<group>"; };
		4446790A1D8A75FB0002A3BD /* FormTextFieldTypeManager.swift */ = {isa = PBXFileReference; fileEncoding = 4; lastKnownFileType = sourcecode.swift; path = FormTextFieldTypeManager.swift; sourceTree = "<group>"; };
/* End PBXFileReference section */

/* Begin PBXFrameworksBuildPhase section */
		14647AC31C4506360046399A /* Frameworks */ = {
			isa = PBXFrameworksBuildPhase;
			buildActionMask = 2147483647;
			files = (
				14EAF27E1F9D3F0F00BE6D20 /* FormTextField.framework in Frameworks */,
			);
			runOnlyForDeploymentPostprocessing = 0;
		};
		14647AD41C45063C0046399A /* Frameworks */ = {
			isa = PBXFrameworksBuildPhase;
			buildActionMask = 2147483647;
			files = (
				14EAF2831F9D3F1600BE6D20 /* FormTextField.framework in Frameworks */,
			);
			runOnlyForDeploymentPostprocessing = 0;
		};
		146D72A91AB782920058798C /* Frameworks */ = {
			isa = PBXFrameworksBuildPhase;
			buildActionMask = 2147483647;
			files = (
			);
			runOnlyForDeploymentPostprocessing = 0;
		};
		14EAF2631F9D3E5100BE6D20 /* Frameworks */ = {
			isa = PBXFrameworksBuildPhase;
			buildActionMask = 2147483647;
			files = (
			);
			runOnlyForDeploymentPostprocessing = 0;
		};
/* End PBXFrameworksBuildPhase section */

/* Begin PBXGroup section */
		14647AC71C4506360046399A /* Native */ = {
			isa = PBXGroup;
			children = (
				14647AC81C4506360046399A /* AppDelegate.swift */,
				145FDD0F1C4506AF00F9DC70 /* Controller.swift */,
				145FDD101C4506AF00F9DC70 /* FormTextFieldCell.swift */,
				145FDD111C4506AF00F9DC70 /* HeaderCell.swift */,
				14647ACA1C4506360046399A /* Assets.xcassets */,
				14647ACC1C4506360046399A /* LaunchScreen.storyboard */,
				14647ACF1C4506360046399A /* Info.plist */,
				1469B03E1C4511670027138C /* Field.swift */,
			);
			path = Native;
			sourceTree = "<group>";
		};
		14647AD81C45063C0046399A /* Custom */ = {
			isa = PBXGroup;
			children = (
				14647AD91C45063C0046399A /* AppDelegate.swift */,
				145FDD151C4506D800F9DC70 /* Controller.swift */,
				145FDD161C4506D800F9DC70 /* CustomStyle.swift */,
				14647ADB1C45063C0046399A /* Assets.xcassets */,
				14647ADD1C45063C0046399A /* LaunchScreen.storyboard */,
				14647AE01C45063C0046399A /* Info.plist */,
				14E02DF51F9E76D8003A8F10 /* UIColor+Hex.swift */,
			);
			path = Custom;
			sourceTree = "<group>";
		};
		146D728A1AB782920058798C = {
			isa = PBXGroup;
			children = (
				444679071D8A75FB0002A3BD /* Source */,
				14C136501AB7849300B7B07A /* Metadata */,
				14647AC71C4506360046399A /* Native */,
				14647AD81C45063C0046399A /* Custom */,
				146D72AF1AB782920058798C /* Tests */,
				146D72941AB782920058798C /* Products */,
			);
			indentWidth = 4;
			sourceTree = "<group>";
			tabWidth = 4;
		};
		146D72941AB782920058798C /* Products */ = {
			isa = PBXGroup;
			children = (
				146D72AC1AB782920058798C /* Tests.xctest */,
				14647AC61C4506360046399A /* Native.app */,
				14647AD71C45063C0046399A /* Custom.app */,
				14EAF2671F9D3E5100BE6D20 /* FormTextField.framework */,
			);
			name = Products;
			sourceTree = "<group>";
		};
		146D72AF1AB782920058798C /* Tests */ = {
			isa = PBXGroup;
			children = (
				14C60D351F955D9700FF2967 /* FormatterTests */,
				14C60D221F955CD700FF2967 /* InputValidatorTests */,
				14C60D1E1F955C9B00FF2967 /* ValidationTests */,
				14A139B31AEFC72B00AD732F /* Tests.swift */,
				146D72B01AB782920058798C /* Supporting Files */,
			);
			path = Tests;
			sourceTree = "<group>";
		};
		146D72B01AB782920058798C /* Supporting Files */ = {
			isa = PBXGroup;
			children = (
				146D72B11AB782920058798C /* Info.plist */,
			);
			name = "Supporting Files";
			sourceTree = "<group>";
		};
		14C136501AB7849300B7B07A /* Metadata */ = {
			isa = PBXGroup;
			children = (
				14C0AF811BD6D4230009ECBE /* CHANGELOG.md */,
				14C0AF821BD6D4230009ECBE /* CONTRIBUTING.md */,
				14C0AF831BD6D4230009ECBE /* README.md */,
				14EAF2711F9D3EAE00BE6D20 /* FrameworkInfo.plist */,
			);
			name = Metadata;
			sourceTree = "<group>";
		};
		14C60D1E1F955C9B00FF2967 /* ValidationTests */ = {
			isa = PBXGroup;
			children = (
				14C60D1F1F955C9B00FF2967 /* ValidationTests.swift */,
			);
			path = ValidationTests;
			sourceTree = "<group>";
		};
		14C60D201F955CB700FF2967 /* Validation */ = {
			isa = PBXGroup;
			children = (
				14C60D211F955CB700FF2967 /* Validation.swift */,
			);
			path = Validation;
			sourceTree = "<group>";
		};
		14C60D221F955CD700FF2967 /* InputValidatorTests */ = {
			isa = PBXGroup;
			children = (
				14C60D231F955CD700FF2967 /* CardExpirationDateInputValidatorTests.swift */,
				14C60D241F955CD700FF2967 /* DecimalInputValidatorTests.swift */,
				14C60D251F955CD700FF2967 /* InputValidatableTests.swift */,
				14C60D261F955CD700FF2967 /* RequiredInputValidatorTests.swift */,
			);
			path = InputValidatorTests;
			sourceTree = "<group>";
		};
		14C60D271F955CF400FF2967 /* InputValidator */ = {
			isa = PBXGroup;
			children = (
				14C60D281F955CF400FF2967 /* CardExpirationDateInputValidator.swift */,
				14C60D291F955CF400FF2967 /* DecimalInputValidator.swift */,
				14C60D2A1F955CF400FF2967 /* InputValidatable.swift */,
				14C60D2B1F955CF400FF2967 /* InputValidator.swift */,
				14C60D2C1F955CF400FF2967 /* RequiredInputValidator.swift */,
			);
			path = InputValidator;
			sourceTree = "<group>";
		};
		14C60D351F955D9700FF2967 /* FormatterTests */ = {
			isa = PBXGroup;
			children = (
				14C60D361F955D9700FF2967 /* CardExpirationDateFormatterTests.swift */,
				14C60D371F955D9700FF2967 /* CardNumberFormatterTests.swift */,
			);
			path = FormatterTests;
			sourceTree = "<group>";
		};
		14C60D391F955DA500FF2967 /* Formatter */ = {
			isa = PBXGroup;
			children = (
				14C60D3A1F955DA500FF2967 /* CardExpirationDateFormatter.swift */,
				14C60D3B1F955DA500FF2967 /* CardNumberFormatter.swift */,
				14C60D3C1F955DA500FF2967 /* Formattable.swift */,
			);
			path = Formatter;
			sourceTree = "<group>";
		};
		444679071D8A75FB0002A3BD /* Source */ = {
			isa = PBXGroup;
			children = (
				14C60D391F955DA500FF2967 /* Formatter */,
				14C60D271F955CF400FF2967 /* InputValidator */,
				14C60D201F955CB700FF2967 /* Validation */,
				444679081D8A75FB0002A3BD /* FormTextField.swift */,
				444679091D8A75FB0002A3BD /* FormTextFieldClearButton.swift */,
				4446790A1D8A75FB0002A3BD /* FormTextFieldTypeManager.swift */,
				14EAF26F1F9D3E7D00BE6D20 /* FormTextField.h */,
			);
			path = Source;
			sourceTree = "<group>";
		};
/* End PBXGroup section */

/* Begin PBXHeadersBuildPhase section */
		14EAF2641F9D3E5100BE6D20 /* Headers */ = {
			isa = PBXHeadersBuildPhase;
			buildActionMask = 2147483647;
			files = (
				14EAF2701F9D3E7D00BE6D20 /* FormTextField.h in Headers */,
			);
			runOnlyForDeploymentPostprocessing = 0;
		};
/* End PBXHeadersBuildPhase section */

/* Begin PBXNativeTarget section */
		14647AC51C4506360046399A /* Native */ = {
			isa = PBXNativeTarget;
			buildConfigurationList = 14647AD01C4506360046399A /* Build configuration list for PBXNativeTarget "Native" */;
			buildPhases = (
				14647AC21C4506360046399A /* Sources */,
				14647AC31C4506360046399A /* Frameworks */,
				14647AC41C4506360046399A /* Resources */,
				14EAF2821F9D3F0F00BE6D20 /* Embed Frameworks */,
			);
			buildRules = (
			);
			dependencies = (
				14EAF2811F9D3F0F00BE6D20 /* PBXTargetDependency */,
			);
			name = Native;
			productName = Native;
			productReference = 14647AC61C4506360046399A /* Native.app */;
			productType = "com.apple.product-type.application";
		};
		14647AD61C45063C0046399A /* Custom */ = {
			isa = PBXNativeTarget;
			buildConfigurationList = 14647AE11C45063C0046399A /* Build configuration list for PBXNativeTarget "Custom" */;
			buildPhases = (
				14647AD31C45063C0046399A /* Sources */,
				14647AD41C45063C0046399A /* Frameworks */,
				14647AD51C45063C0046399A /* Resources */,
				14EAF2871F9D3F1600BE6D20 /* Embed Frameworks */,
			);
			buildRules = (
			);
			dependencies = (
				14EAF2861F9D3F1600BE6D20 /* PBXTargetDependency */,
			);
			name = Custom;
			productName = Custom;
			productReference = 14647AD71C45063C0046399A /* Custom.app */;
			productType = "com.apple.product-type.application";
		};
		146D72AB1AB782920058798C /* Tests */ = {
			isa = PBXNativeTarget;
			buildConfigurationList = 146D72B91AB782920058798C /* Build configuration list for PBXNativeTarget "Tests" */;
			buildPhases = (
				146D72A81AB782920058798C /* Sources */,
				146D72A91AB782920058798C /* Frameworks */,
				146D72AA1AB782920058798C /* Resources */,
			);
			buildRules = (
			);
			dependencies = (
			);
			name = Tests;
			productName = PodTests;
			productReference = 146D72AC1AB782920058798C /* Tests.xctest */;
			productType = "com.apple.product-type.bundle.unit-test";
		};
		14EAF2661F9D3E5100BE6D20 /* FormTextField-iOS */ = {
			isa = PBXNativeTarget;
			buildConfigurationList = 14EAF26E1F9D3E5100BE6D20 /* Build configuration list for PBXNativeTarget "FormTextField-iOS" */;
			buildPhases = (
				14EAF2621F9D3E5100BE6D20 /* Sources */,
				14EAF2631F9D3E5100BE6D20 /* Frameworks */,
				14EAF2641F9D3E5100BE6D20 /* Headers */,
				14EAF2651F9D3E5100BE6D20 /* Resources */,
			);
			buildRules = (
			);
			dependencies = (
			);
			name = "FormTextField-iOS";
			productName = "FormTextField-iOS";
			productReference = 14EAF2671F9D3E5100BE6D20 /* FormTextField.framework */;
			productType = "com.apple.product-type.framework";
		};
/* End PBXNativeTarget section */

/* Begin PBXProject section */
		146D728B1AB782920058798C /* Project object */ = {
			isa = PBXProject;
			attributes = {
				CLASSPREFIX = "";
				LastSwiftUpdateCheck = 0720;
				LastUpgradeCheck = 0900;
				ORGANIZATIONNAME = "";
				TargetAttributes = {
					14647AC51C4506360046399A = {
						CreatedOnToolsVersion = 7.2;
						DevelopmentTeam = C6K65RDJHL;
						LastSwiftMigration = 0800;
					};
					14647AD61C45063C0046399A = {
						CreatedOnToolsVersion = 7.2;
						DevelopmentTeam = C6K65RDJHL;
						LastSwiftMigration = 0800;
					};
					146D72AB1AB782920058798C = {
						CreatedOnToolsVersion = 6.2;
						DevelopmentTeam = C6K65RDJHL;
						LastSwiftMigration = 0900;
					};
					14EAF2661F9D3E5100BE6D20 = {
						CreatedOnToolsVersion = 9.0.1;
						DevelopmentTeam = C6K65RDJHL;
						ProvisioningStyle = Automatic;
					};
				};
			};
			buildConfigurationList = 146D728E1AB782920058798C /* Build configuration list for PBXProject "Demo" */;
			compatibilityVersion = "Xcode 3.2";
			developmentRegion = English;
			hasScannedForEncodings = 0;
			knownRegions = (
				en,
				Base,
			);
			mainGroup = 146D728A1AB782920058798C;
			productRefGroup = 146D72941AB782920058798C /* Products */;
			projectDirPath = "";
			projectRoot = "";
			targets = (
				146D72AB1AB782920058798C /* Tests */,
				14647AC51C4506360046399A /* Native */,
				14647AD61C45063C0046399A /* Custom */,
				14EAF2661F9D3E5100BE6D20 /* FormTextField-iOS */,
			);
		};
/* End PBXProject section */

/* Begin PBXResourcesBuildPhase section */
		14647AC41C4506360046399A /* Resources */ = {
			isa = PBXResourcesBuildPhase;
			buildActionMask = 2147483647;
			files = (
				14647ACB1C4506360046399A /* Assets.xcassets in Resources */,
				14647ACE1C4506360046399A /* LaunchScreen.storyboard in Resources */,
			);
			runOnlyForDeploymentPostprocessing = 0;
		};
		14647AD51C45063C0046399A /* Resources */ = {
			isa = PBXResourcesBuildPhase;
			buildActionMask = 2147483647;
			files = (
				14647ADC1C45063C0046399A /* Assets.xcassets in Resources */,
				14647ADF1C45063C0046399A /* LaunchScreen.storyboard in Resources */,
			);
			runOnlyForDeploymentPostprocessing = 0;
		};
		146D72AA1AB782920058798C /* Resources */ = {
			isa = PBXResourcesBuildPhase;
			buildActionMask = 2147483647;
			files = (
			);
			runOnlyForDeploymentPostprocessing = 0;
		};
		14EAF2651F9D3E5100BE6D20 /* Resources */ = {
			isa = PBXResourcesBuildPhase;
			buildActionMask = 2147483647;
			files = (
			);
			runOnlyForDeploymentPostprocessing = 0;
		};
/* End PBXResourcesBuildPhase section */

/* Begin PBXSourcesBuildPhase section */
		14647AC21C4506360046399A /* Sources */ = {
			isa = PBXSourcesBuildPhase;
			buildActionMask = 2147483647;
			files = (
				145FDD141C4506AF00F9DC70 /* HeaderCell.swift in Sources */,
				14647AC91C4506360046399A /* AppDelegate.swift in Sources */,
				145FDD131C4506AF00F9DC70 /* FormTextFieldCell.swift in Sources */,
				1469B03F1C4511670027138C /* Field.swift in Sources */,
				145FDD121C4506AF00F9DC70 /* Controller.swift in Sources */,
			);
			runOnlyForDeploymentPostprocessing = 0;
		};
		14647AD31C45063C0046399A /* Sources */ = {
			isa = PBXSourcesBuildPhase;
			buildActionMask = 2147483647;
			files = (
				14647ADA1C45063C0046399A /* AppDelegate.swift in Sources */,
				14E02DF61F9E76D8003A8F10 /* UIColor+Hex.swift in Sources */,
				145FDD181C4506D800F9DC70 /* CustomStyle.swift in Sources */,
				145FDD171C4506D800F9DC70 /* Controller.swift in Sources */,
			);
			runOnlyForDeploymentPostprocessing = 0;
		};
		146D72A81AB782920058798C /* Sources */ = {
			isa = PBXSourcesBuildPhase;
			buildActionMask = 2147483647;
			files = (
				14C60D301F955D0D00FF2967 /* CardExpirationDateInputValidator.swift in Sources */,
				14A139B41AEFC72B00AD732F /* Tests.swift in Sources */,
				14C60D321F955D0D00FF2967 /* InputValidatable.swift in Sources */,
				4446790B1D8A75FB0002A3BD /* FormTextField.swift in Sources */,
				14C60D331F955D0D00FF2967 /* InputValidator.swift in Sources */,
				4446790C1D8A75FB0002A3BD /* FormTextFieldClearButton.swift in Sources */,
				14C60D2D1F955CF700FF2967 /* Validation.swift in Sources */,
				4446790D1D8A75FB0002A3BD /* FormTextFieldTypeManager.swift in Sources */,
				14C60D3D1F955DC300FF2967 /* Formattable.swift in Sources */,
				145009131F955EB80037A35F /* CardNumberFormatterTests.swift in Sources */,
				145009161F955EC60037A35F /* InputValidatableTests.swift in Sources */,
				145009171F955ECA0037A35F /* RequiredInputValidatorTests.swift in Sources */,
				145009141F955EC00037A35F /* CardExpirationDateInputValidatorTests.swift in Sources */,
				14C60D341F955D0D00FF2967 /* RequiredInputValidator.swift in Sources */,
				145009181F955ECE0037A35F /* ValidationTests.swift in Sources */,
				14C60D311F955D0D00FF2967 /* DecimalInputValidator.swift in Sources */,
				145009121F955EB50037A35F /* CardExpirationDateFormatterTests.swift in Sources */,
				14C60D3E1F955DC800FF2967 /* CardNumberFormatter.swift in Sources */,
				14C60D3F1F955DCB00FF2967 /* CardExpirationDateFormatter.swift in Sources */,
				145009151F955EC30037A35F /* DecimalInputValidatorTests.swift in Sources */,
			);
			runOnlyForDeploymentPostprocessing = 0;
		};
		14EAF2621F9D3E5100BE6D20 /* Sources */ = {
			isa = PBXSourcesBuildPhase;
			buildActionMask = 2147483647;
			files = (
				14E02DF71F9E77CB003A8F10 /* CardExpirationDateFormatter.swift in Sources */,
				14E02DF81F9E77CB003A8F10 /* CardNumberFormatter.swift in Sources */,
				14E02DF91F9E77CB003A8F10 /* Formattable.swift in Sources */,
				14E02DFA1F9E77CB003A8F10 /* CardExpirationDateInputValidator.swift in Sources */,
				14E02DFB1F9E77CB003A8F10 /* DecimalInputValidator.swift in Sources */,
				14E02DFC1F9E77CB003A8F10 /* InputValidatable.swift in Sources */,
				14E02DFD1F9E77CB003A8F10 /* InputValidator.swift in Sources */,
				14E02DFE1F9E77CB003A8F10 /* RequiredInputValidator.swift in Sources */,
				14E02DFF1F9E77CB003A8F10 /* Validation.swift in Sources */,
				14E02E001F9E77CB003A8F10 /* FormTextField.swift in Sources */,
				14E02E011F9E77CB003A8F10 /* FormTextFieldClearButton.swift in Sources */,
				14E02E021F9E77CB003A8F10 /* FormTextFieldTypeManager.swift in Sources */,
			);
			runOnlyForDeploymentPostprocessing = 0;
		};
/* End PBXSourcesBuildPhase section */

/* Begin PBXTargetDependency section */
		14EAF2811F9D3F0F00BE6D20 /* PBXTargetDependency */ = {
			isa = PBXTargetDependency;
			target = 14EAF2661F9D3E5100BE6D20 /* FormTextField-iOS */;
			targetProxy = 14EAF2801F9D3F0F00BE6D20 /* PBXContainerItemProxy */;
		};
		14EAF2861F9D3F1600BE6D20 /* PBXTargetDependency */ = {
			isa = PBXTargetDependency;
			target = 14EAF2661F9D3E5100BE6D20 /* FormTextField-iOS */;
			targetProxy = 14EAF2851F9D3F1600BE6D20 /* PBXContainerItemProxy */;
		};
/* End PBXTargetDependency section */

/* Begin PBXVariantGroup section */
		14647ACC1C4506360046399A /* LaunchScreen.storyboard */ = {
			isa = PBXVariantGroup;
			children = (
				14647ACD1C4506360046399A /* Base */,
			);
			name = LaunchScreen.storyboard;
			sourceTree = "<group>";
		};
		14647ADD1C45063C0046399A /* LaunchScreen.storyboard */ = {
			isa = PBXVariantGroup;
			children = (
				14647ADE1C45063C0046399A /* Base */,
			);
			name = LaunchScreen.storyboard;
			sourceTree = "<group>";
		};
/* End PBXVariantGroup section */

/* Begin XCBuildConfiguration section */
		14647AD11C4506360046399A /* Debug */ = {
			isa = XCBuildConfiguration;
			buildSettings = {
				ALWAYS_EMBED_SWIFT_STANDARD_LIBRARIES = YES;
				ASSETCATALOG_COMPILER_APPICON_NAME = AppIcon;
				CODE_SIGN_IDENTITY = "iPhone Developer";
				DEBUG_INFORMATION_FORMAT = dwarf;
				DEVELOPMENT_TEAM = C6K65RDJHL;
				GCC_NO_COMMON_BLOCKS = YES;
				INFOPLIST_FILE = Native/Info.plist;
				IPHONEOS_DEPLOYMENT_TARGET = 9.0;
				LD_RUNPATH_SEARCH_PATHS = "$(inherited) @executable_path/Frameworks";
				PRODUCT_BUNDLE_IDENTIFIER = com.demo.Native;
				PRODUCT_NAME = "$(TARGET_NAME)";
				SWIFT_OPTIMIZATION_LEVEL = "-Onone";
				SWIFT_VERSION = 4.0;
			};
			name = Debug;
		};
		14647AD21C4506360046399A /* Release */ = {
			isa = XCBuildConfiguration;
			buildSettings = {
				ALWAYS_EMBED_SWIFT_STANDARD_LIBRARIES = YES;
				ASSETCATALOG_COMPILER_APPICON_NAME = AppIcon;
				CODE_SIGN_IDENTITY = "iPhone Developer";
				DEBUG_INFORMATION_FORMAT = "dwarf-with-dsym";
				DEVELOPMENT_TEAM = C6K65RDJHL;
				GCC_NO_COMMON_BLOCKS = YES;
				INFOPLIST_FILE = Native/Info.plist;
				IPHONEOS_DEPLOYMENT_TARGET = 9.0;
				LD_RUNPATH_SEARCH_PATHS = "$(inherited) @executable_path/Frameworks";
				PRODUCT_BUNDLE_IDENTIFIER = com.demo.Native;
				PRODUCT_NAME = "$(TARGET_NAME)";
				SWIFT_VERSION = 4.0;
			};
			name = Release;
		};
		14647AE21C45063C0046399A /* Debug */ = {
			isa = XCBuildConfiguration;
			buildSettings = {
				ALWAYS_EMBED_SWIFT_STANDARD_LIBRARIES = YES;
				ASSETCATALOG_COMPILER_APPICON_NAME = AppIcon;
				CODE_SIGN_IDENTITY = "iPhone Developer";
				DEBUG_INFORMATION_FORMAT = dwarf;
				DEVELOPMENT_TEAM = C6K65RDJHL;
				GCC_NO_COMMON_BLOCKS = YES;
				INFOPLIST_FILE = Custom/Info.plist;
				IPHONEOS_DEPLOYMENT_TARGET = 9.0;
				LD_RUNPATH_SEARCH_PATHS = "$(inherited) @executable_path/Frameworks";
				PRODUCT_BUNDLE_IDENTIFIER = com.demo.Custom;
				PRODUCT_NAME = "$(TARGET_NAME)";
				SWIFT_OPTIMIZATION_LEVEL = "-Onone";
				SWIFT_VERSION = 4.0;
			};
			name = Debug;
		};
		14647AE31C45063C0046399A /* Release */ = {
			isa = XCBuildConfiguration;
			buildSettings = {
				ALWAYS_EMBED_SWIFT_STANDARD_LIBRARIES = YES;
				ASSETCATALOG_COMPILER_APPICON_NAME = AppIcon;
				CODE_SIGN_IDENTITY = "iPhone Developer";
				DEBUG_INFORMATION_FORMAT = "dwarf-with-dsym";
				DEVELOPMENT_TEAM = C6K65RDJHL;
				GCC_NO_COMMON_BLOCKS = YES;
				INFOPLIST_FILE = Custom/Info.plist;
				IPHONEOS_DEPLOYMENT_TARGET = 9.0;
				LD_RUNPATH_SEARCH_PATHS = "$(inherited) @executable_path/Frameworks";
				PRODUCT_BUNDLE_IDENTIFIER = com.demo.Custom;
				PRODUCT_NAME = "$(TARGET_NAME)";
				SWIFT_VERSION = 4.0;
			};
			name = Release;
		};
		146D72B41AB782920058798C /* Debug */ = {
			isa = XCBuildConfiguration;
			buildSettings = {
				ALWAYS_SEARCH_USER_PATHS = NO;
				CLANG_CXX_LANGUAGE_STANDARD = "gnu++0x";
				CLANG_CXX_LIBRARY = "libc++";
				CLANG_ENABLE_MODULES = YES;
				CLANG_ENABLE_OBJC_ARC = YES;
				CLANG_WARN_BLOCK_CAPTURE_AUTORELEASING = YES;
				CLANG_WARN_BOOL_CONVERSION = YES;
				CLANG_WARN_COMMA = YES;
				CLANG_WARN_CONSTANT_CONVERSION = YES;
				CLANG_WARN_DIRECT_OBJC_ISA_USAGE = YES_ERROR;
				CLANG_WARN_EMPTY_BODY = YES;
				CLANG_WARN_ENUM_CONVERSION = YES;
				CLANG_WARN_INFINITE_RECURSION = YES;
				CLANG_WARN_INT_CONVERSION = YES;
				CLANG_WARN_NON_LITERAL_NULL_CONVERSION = YES;
				CLANG_WARN_OBJC_LITERAL_CONVERSION = YES;
				CLANG_WARN_OBJC_ROOT_CLASS = YES_ERROR;
				CLANG_WARN_RANGE_LOOP_ANALYSIS = YES;
				CLANG_WARN_STRICT_PROTOTYPES = YES;
				CLANG_WARN_SUSPICIOUS_MOVE = YES;
				CLANG_WARN_UNREACHABLE_CODE = YES;
				CLANG_WARN__DUPLICATE_METHOD_MATCH = YES;
				"CODE_SIGN_IDENTITY[sdk=iphoneos*]" = "iPhone Developer";
				COPY_PHASE_STRIP = NO;
				ENABLE_STRICT_OBJC_MSGSEND = YES;
				ENABLE_TESTABILITY = YES;
				GCC_C_LANGUAGE_STANDARD = gnu99;
				GCC_DYNAMIC_NO_PIC = NO;
				GCC_NO_COMMON_BLOCKS = YES;
				GCC_OPTIMIZATION_LEVEL = 0;
				GCC_PREPROCESSOR_DEFINITIONS = (
					"DEBUG=1",
					"$(inherited)",
				);
				GCC_SYMBOLS_PRIVATE_EXTERN = NO;
				GCC_WARN_64_TO_32_BIT_CONVERSION = YES;
				GCC_WARN_ABOUT_RETURN_TYPE = YES_ERROR;
				GCC_WARN_UNDECLARED_SELECTOR = YES;
				GCC_WARN_UNINITIALIZED_AUTOS = YES_AGGRESSIVE;
				GCC_WARN_UNUSED_FUNCTION = YES;
				GCC_WARN_UNUSED_VARIABLE = YES;
				IPHONEOS_DEPLOYMENT_TARGET = 9.0;
				MTL_ENABLE_DEBUG_INFO = YES;
				ONLY_ACTIVE_ARCH = YES;
				SDKROOT = iphoneos;
			};
			name = Debug;
		};
		146D72B51AB782920058798C /* Release */ = {
			isa = XCBuildConfiguration;
			buildSettings = {
				ALWAYS_SEARCH_USER_PATHS = NO;
				CLANG_CXX_LANGUAGE_STANDARD = "gnu++0x";
				CLANG_CXX_LIBRARY = "libc++";
				CLANG_ENABLE_MODULES = YES;
				CLANG_ENABLE_OBJC_ARC = YES;
				CLANG_WARN_BLOCK_CAPTURE_AUTORELEASING = YES;
				CLANG_WARN_BOOL_CONVERSION = YES;
				CLANG_WARN_COMMA = YES;
				CLANG_WARN_CONSTANT_CONVERSION = YES;
				CLANG_WARN_DIRECT_OBJC_ISA_USAGE = YES_ERROR;
				CLANG_WARN_EMPTY_BODY = YES;
				CLANG_WARN_ENUM_CONVERSION = YES;
				CLANG_WARN_INFINITE_RECURSION = YES;
				CLANG_WARN_INT_CONVERSION = YES;
				CLANG_WARN_NON_LITERAL_NULL_CONVERSION = YES;
				CLANG_WARN_OBJC_LITERAL_CONVERSION = YES;
				CLANG_WARN_OBJC_ROOT_CLASS = YES_ERROR;
				CLANG_WARN_RANGE_LOOP_ANALYSIS = YES;
				CLANG_WARN_STRICT_PROTOTYPES = YES;
				CLANG_WARN_SUSPICIOUS_MOVE = YES;
				CLANG_WARN_UNREACHABLE_CODE = YES;
				CLANG_WARN__DUPLICATE_METHOD_MATCH = YES;
				"CODE_SIGN_IDENTITY[sdk=iphoneos*]" = "iPhone Developer";
				COPY_PHASE_STRIP = NO;
				ENABLE_NS_ASSERTIONS = NO;
				ENABLE_STRICT_OBJC_MSGSEND = YES;
				GCC_C_LANGUAGE_STANDARD = gnu99;
				GCC_NO_COMMON_BLOCKS = YES;
				GCC_WARN_64_TO_32_BIT_CONVERSION = YES;
				GCC_WARN_ABOUT_RETURN_TYPE = YES_ERROR;
				GCC_WARN_UNDECLARED_SELECTOR = YES;
				GCC_WARN_UNINITIALIZED_AUTOS = YES_AGGRESSIVE;
				GCC_WARN_UNUSED_FUNCTION = YES;
				GCC_WARN_UNUSED_VARIABLE = YES;
				IPHONEOS_DEPLOYMENT_TARGET = 9.0;
				MTL_ENABLE_DEBUG_INFO = NO;
				SDKROOT = iphoneos;
				SWIFT_OPTIMIZATION_LEVEL = "-Owholemodule";
				VALIDATE_PRODUCT = YES;
			};
			name = Release;
		};
		146D72BA1AB782920058798C /* Debug */ = {
			isa = XCBuildConfiguration;
			buildSettings = {
				ALWAYS_EMBED_SWIFT_STANDARD_LIBRARIES = YES;
				CLANG_ENABLE_MODULES = YES;
				DEVELOPMENT_TEAM = C6K65RDJHL;
				FRAMEWORK_SEARCH_PATHS = "$(inherited)";
				GCC_PREPROCESSOR_DEFINITIONS = (
					"DEBUG=1",
					"$(inherited)",
				);
				INFOPLIST_FILE = Tests/Info.plist;
				LD_RUNPATH_SEARCH_PATHS = "$(inherited) @executable_path/Frameworks @loader_path/Frameworks";
				PRODUCT_BUNDLE_IDENTIFIER = "com.sample.$(PRODUCT_NAME:rfc1034identifier)";
				PRODUCT_NAME = "$(TARGET_NAME)";
				SWIFT_OPTIMIZATION_LEVEL = "-Onone";
				SWIFT_SWIFT3_OBJC_INFERENCE = Default;
				SWIFT_VERSION = 4.0;
			};
			name = Debug;
		};
		146D72BB1AB782920058798C /* Release */ = {
			isa = XCBuildConfiguration;
			buildSettings = {
				ALWAYS_EMBED_SWIFT_STANDARD_LIBRARIES = YES;
				CLANG_ENABLE_MODULES = YES;
				DEVELOPMENT_TEAM = C6K65RDJHL;
				FRAMEWORK_SEARCH_PATHS = "$(inherited)";
				INFOPLIST_FILE = Tests/Info.plist;
				LD_RUNPATH_SEARCH_PATHS = "$(inherited) @executable_path/Frameworks @loader_path/Frameworks";
				PRODUCT_BUNDLE_IDENTIFIER = "com.sample.$(PRODUCT_NAME:rfc1034identifier)";
				PRODUCT_NAME = "$(TARGET_NAME)";
				SWIFT_SWIFT3_OBJC_INFERENCE = Default;
				SWIFT_VERSION = 4.0;
			};
			name = Release;
		};
		14EAF26C1F9D3E5100BE6D20 /* Debug */ = {
			isa = XCBuildConfiguration;
			buildSettings = {
				CLANG_ANALYZER_NONNULL = YES;
				CLANG_ANALYZER_NUMBER_OBJECT_CONVERSION = YES_AGGRESSIVE;
				CLANG_CXX_LANGUAGE_STANDARD = "gnu++14";
				CLANG_WARN_DOCUMENTATION_COMMENTS = YES;
				CLANG_WARN_UNGUARDED_AVAILABILITY = YES_AGGRESSIVE;
				CODE_SIGN_IDENTITY = "iPhone Developer";
				CODE_SIGN_STYLE = Automatic;
				CURRENT_PROJECT_VERSION = 1;
				DEBUG_INFORMATION_FORMAT = dwarf;
				DEFINES_MODULE = YES;
				DEVELOPMENT_TEAM = C6K65RDJHL;
				DYLIB_COMPATIBILITY_VERSION = 1;
				DYLIB_CURRENT_VERSION = 1;
				DYLIB_INSTALL_NAME_BASE = "@rpath";
				GCC_C_LANGUAGE_STANDARD = gnu11;
				INFOPLIST_FILE = FrameworkInfo.plist;
				INSTALL_PATH = "$(LOCAL_LIBRARY_DIR)/Frameworks";
				IPHONEOS_DEPLOYMENT_TARGET = 9.0;
				LD_RUNPATH_SEARCH_PATHS = "$(inherited) @executable_path/Frameworks @loader_path/Frameworks";
				PRODUCT_BUNDLE_IDENTIFIER = net.3lvis.FormTextField;
				PRODUCT_NAME = FormTextField;
				SKIP_INSTALL = YES;
				SWIFT_ACTIVE_COMPILATION_CONDITIONS = DEBUG;
				SWIFT_OPTIMIZATION_LEVEL = "-Onone";
				SWIFT_VERSION = 4.0;
				TARGETED_DEVICE_FAMILY = "1,2";
				VERSIONING_SYSTEM = "apple-generic";
				VERSION_INFO_PREFIX = "";
			};
			name = Debug;
		};
		14EAF26D1F9D3E5100BE6D20 /* Release */ = {
			isa = XCBuildConfiguration;
			buildSettings = {
				CLANG_ANALYZER_NONNULL = YES;
				CLANG_ANALYZER_NUMBER_OBJECT_CONVERSION = YES_AGGRESSIVE;
				CLANG_CXX_LANGUAGE_STANDARD = "gnu++14";
				CLANG_WARN_DOCUMENTATION_COMMENTS = YES;
				CLANG_WARN_UNGUARDED_AVAILABILITY = YES_AGGRESSIVE;
				CODE_SIGN_IDENTITY = "iPhone Developer";
				CODE_SIGN_STYLE = Automatic;
				CURRENT_PROJECT_VERSION = 1;
				DEBUG_INFORMATION_FORMAT = "dwarf-with-dsym";
				DEFINES_MODULE = YES;
				DEVELOPMENT_TEAM = C6K65RDJHL;
				DYLIB_COMPATIBILITY_VERSION = 1;
				DYLIB_CURRENT_VERSION = 1;
				DYLIB_INSTALL_NAME_BASE = "@rpath";
				GCC_C_LANGUAGE_STANDARD = gnu11;
				INFOPLIST_FILE = FrameworkInfo.plist;
				INSTALL_PATH = "$(LOCAL_LIBRARY_DIR)/Frameworks";
				IPHONEOS_DEPLOYMENT_TARGET = 9.0;
				LD_RUNPATH_SEARCH_PATHS = "$(inherited) @executable_path/Frameworks @loader_path/Frameworks";
				PRODUCT_BUNDLE_IDENTIFIER = net.3lvis.FormTextField;
				PRODUCT_NAME = FormTextField;
				SKIP_INSTALL = YES;
				SWIFT_VERSION = 4.0;
				TARGETED_DEVICE_FAMILY = "1,2";
				VERSIONING_SYSTEM = "apple-generic";
				VERSION_INFO_PREFIX = "";
			};
			name = Release;
		};
/* End XCBuildConfiguration section */

/* Begin XCConfigurationList section */
		14647AD01C4506360046399A /* Build configuration list for PBXNativeTarget "Native" */ = {
			isa = XCConfigurationList;
			buildConfigurations = (
				14647AD11C4506360046399A /* Debug */,
				14647AD21C4506360046399A /* Release */,
			);
			defaultConfigurationIsVisible = 0;
			defaultConfigurationName = Release;
		};
		14647AE11C45063C0046399A /* Build configuration list for PBXNativeTarget "Custom" */ = {
			isa = XCConfigurationList;
			buildConfigurations = (
				14647AE21C45063C0046399A /* Debug */,
				14647AE31C45063C0046399A /* Release */,
			);
			defaultConfigurationIsVisible = 0;
			defaultConfigurationName = Release;
		};
		146D728E1AB782920058798C /* Build configuration list for PBXProject "Demo" */ = {
			isa = XCConfigurationList;
			buildConfigurations = (
				146D72B41AB782920058798C /* Debug */,
				146D72B51AB782920058798C /* Release */,
			);
			defaultConfigurationIsVisible = 0;
			defaultConfigurationName = Release;
		};
		146D72B91AB782920058798C /* Build configuration list for PBXNativeTarget "Tests" */ = {
			isa = XCConfigurationList;
			buildConfigurations = (
				146D72BA1AB782920058798C /* Debug */,
				146D72BB1AB782920058798C /* Release */,
			);
			defaultConfigurationIsVisible = 0;
			defaultConfigurationName = Release;
		};
		14EAF26E1F9D3E5100BE6D20 /* Build configuration list for PBXNativeTarget "FormTextField-iOS" */ = {
			isa = XCConfigurationList;
			buildConfigurations = (
				14EAF26C1F9D3E5100BE6D20 /* Debug */,
				14EAF26D1F9D3E5100BE6D20 /* Release */,
			);
			defaultConfigurationIsVisible = 0;
			defaultConfigurationName = Release;
		};
/* End XCConfigurationList section */
	};
	rootObject = 146D728B1AB782920058798C /* Project object */;
}
