// !$*UTF8*$!
{
	archiveVersion = 1;
	classes = {
	};
	objectVersion = 46;
	objects = {

/* Begin PBXBuildFile section */
		145FDD121C4506AF00F9DC70 /* Controller.swift in Sources */ = {isa = PBXBuildFile; fileRef = 145FDD0F1C4506AF00F9DC70 /* Controller.swift */; };
		145FDD131C4506AF00F9DC70 /* FormTextFieldCell.swift in Sources */ = {isa = PBXBuildFile; fileRef = 145FDD101C4506AF00F9DC70 /* FormTextFieldCell.swift */; };
		145FDD141C4506AF00F9DC70 /* HeaderCell.swift in Sources */ = {isa = PBXBuildFile; fileRef = 145FDD111C4506AF00F9DC70 /* HeaderCell.swift */; };
		145FDD171C4506D800F9DC70 /* Controller.swift in Sources */ = {isa = PBXBuildFile; fileRef = 145FDD151C4506D800F9DC70 /* Controller.swift */; };
		145FDD181C4506D800F9DC70 /* CustomStyle.swift in Sources */ = {isa = PBXBuildFile; fileRef = 145FDD161C4506D800F9DC70 /* CustomStyle.swift */; };
		14647AC91C4506360046399A /* AppDelegate.swift in Sources */ = {isa = PBXBuildFile; fileRef = 14647AC81C4506360046399A /* AppDelegate.swift */; };
		14647ACB1C4506360046399A /* Assets.xcassets in Resources */ = {isa = PBXBuildFile; fileRef = 14647ACA1C4506360046399A /* Assets.xcassets */; };
		14647ACE1C4506360046399A /* LaunchScreen.storyboard in Resources */ = {isa = PBXBuildFile; fileRef = 14647ACC1C4506360046399A /* LaunchScreen.storyboard */; };
		14647ADA1C45063C0046399A /* AppDelegate.swift in Sources */ = {isa = PBXBuildFile; fileRef = 14647AD91C45063C0046399A /* AppDelegate.swift */; };
		14647ADC1C45063C0046399A /* Assets.xcassets in Resources */ = {isa = PBXBuildFile; fileRef = 14647ADB1C45063C0046399A /* Assets.xcassets */; };
		14647ADF1C45063C0046399A /* LaunchScreen.storyboard in Resources */ = {isa = PBXBuildFile; fileRef = 14647ADD1C45063C0046399A /* LaunchScreen.storyboard */; };
		1469B03F1C4511670027138C /* Field.swift in Sources */ = {isa = PBXBuildFile; fileRef = 1469B03E1C4511670027138C /* Field.swift */; };
		14A139B41AEFC72B00AD732F /* Tests.swift in Sources */ = {isa = PBXBuildFile; fileRef = 14A139B31AEFC72B00AD732F /* Tests.swift */; };
		36F1A36D4E0DCD4D0DA76D39 /* Pods_CocoaPods_Tests.framework in Frameworks */ = {isa = PBXBuildFile; fileRef = 9C1C0345741E7AB2B034F042 /* Pods_CocoaPods_Tests.framework */; };
		5F264C2EF17055B9FB84C229 /* Pods_CocoaPods_Custom.framework in Frameworks */ = {isa = PBXBuildFile; fileRef = 724AF726159E5D86D051996B /* Pods_CocoaPods_Custom.framework */; };
		F09E820F0CA26D5E8C5034DB /* Pods_CocoaPods_Native.framework in Frameworks */ = {isa = PBXBuildFile; fileRef = 7B8FB22143BCFF71F535D2CF /* Pods_CocoaPods_Native.framework */; };
/* End PBXBuildFile section */

/* Begin PBXFileReference section */
		1168616E66E3D5AB2840B8B9 /* Pods-CocoaPods-Native.release.xcconfig */ = {isa = PBXFileReference; includeInIndex = 1; lastKnownFileType = text.xcconfig; name = "Pods-CocoaPods-Native.release.xcconfig"; path = "Pods/Target Support Files/Pods-CocoaPods-Native/Pods-CocoaPods-Native.release.xcconfig"; sourceTree = "<group>"; };
		145FDD0F1C4506AF00F9DC70 /* Controller.swift */ = {isa = PBXFileReference; fileEncoding = 4; lastKnownFileType = sourcecode.swift; path = Controller.swift; sourceTree = "<group>"; };
		145FDD101C4506AF00F9DC70 /* FormTextFieldCell.swift */ = {isa = PBXFileReference; fileEncoding = 4; lastKnownFileType = sourcecode.swift; path = FormTextFieldCell.swift; sourceTree = "<group>"; };
		145FDD111C4506AF00F9DC70 /* HeaderCell.swift */ = {isa = PBXFileReference; fileEncoding = 4; lastKnownFileType = sourcecode.swift; path = HeaderCell.swift; sourceTree = "<group>"; };
		145FDD151C4506D800F9DC70 /* Controller.swift */ = {isa = PBXFileReference; fileEncoding = 4; lastKnownFileType = sourcecode.swift; path = Controller.swift; sourceTree = "<group>"; };
		145FDD161C4506D800F9DC70 /* CustomStyle.swift */ = {isa = PBXFileReference; fileEncoding = 4; lastKnownFileType = sourcecode.swift; path = CustomStyle.swift; sourceTree = "<group>"; };
		14647AC61C4506360046399A /* Native.app */ = {isa = PBXFileReference; explicitFileType = wrapper.application; includeInIndex = 0; path = Native.app; sourceTree = BUILT_PRODUCTS_DIR; };
		14647AC81C4506360046399A /* AppDelegate.swift */ = {isa = PBXFileReference; lastKnownFileType = sourcecode.swift; path = AppDelegate.swift; sourceTree = "<group>"; };
		14647ACA1C4506360046399A /* Assets.xcassets */ = {isa = PBXFileReference; lastKnownFileType = folder.assetcatalog; path = Assets.xcassets; sourceTree = "<group>"; };
		14647ACD1C4506360046399A /* Base */ = {isa = PBXFileReference; lastKnownFileType = file.storyboard; name = Base; path = Base.lproj/LaunchScreen.storyboard; sourceTree = "<group>"; };
		14647ACF1C4506360046399A /* Info.plist */ = {isa = PBXFileReference; lastKnownFileType = text.plist.xml; path = Info.plist; sourceTree = "<group>"; };
		14647AD71C45063C0046399A /* Custom.app */ = {isa = PBXFileReference; explicitFileType = wrapper.application; includeInIndex = 0; path = Custom.app; sourceTree = BUILT_PRODUCTS_DIR; };
		14647AD91C45063C0046399A /* AppDelegate.swift */ = {isa = PBXFileReference; lastKnownFileType = sourcecode.swift; path = AppDelegate.swift; sourceTree = "<group>"; };
		14647ADB1C45063C0046399A /* Assets.xcassets */ = {isa = PBXFileReference; lastKnownFileType = folder.assetcatalog; path = Assets.xcassets; sourceTree = "<group>"; };
		14647ADE1C45063C0046399A /* Base */ = {isa = PBXFileReference; lastKnownFileType = file.storyboard; name = Base; path = Base.lproj/LaunchScreen.storyboard; sourceTree = "<group>"; };
		14647AE01C45063C0046399A /* Info.plist */ = {isa = PBXFileReference; lastKnownFileType = text.plist.xml; path = Info.plist; sourceTree = "<group>"; };
		1469B03E1C4511670027138C /* Field.swift */ = {isa = PBXFileReference; fileEncoding = 4; lastKnownFileType = sourcecode.swift; path = Field.swift; sourceTree = "<group>"; };
		146D72AC1AB782920058798C /* Tests.xctest */ = {isa = PBXFileReference; explicitFileType = wrapper.cfbundle; includeInIndex = 0; path = Tests.xctest; sourceTree = BUILT_PRODUCTS_DIR; };
		146D72B11AB782920058798C /* Info.plist */ = {isa = PBXFileReference; lastKnownFileType = text.plist.xml; path = Info.plist; sourceTree = "<group>"; };
		14A139B31AEFC72B00AD732F /* Tests.swift */ = {isa = PBXFileReference; fileEncoding = 4; lastKnownFileType = sourcecode.swift; path = Tests.swift; sourceTree = "<group>"; };
		14C0AF7F1BD6D4230009ECBE /* .slather.yml */ = {isa = PBXFileReference; lastKnownFileType = text; path = .slather.yml; sourceTree = "<group>"; };
		14C0AF801BD6D4230009ECBE /* .travis.yml */ = {isa = PBXFileReference; lastKnownFileType = text; path = .travis.yml; sourceTree = "<group>"; };
		14C0AF811BD6D4230009ECBE /* CHANGELOG.md */ = {isa = PBXFileReference; lastKnownFileType = net.daringfireball.markdown; path = CHANGELOG.md; sourceTree = "<group>"; };
		14C0AF821BD6D4230009ECBE /* CONTRIBUTING.md */ = {isa = PBXFileReference; lastKnownFileType = net.daringfireball.markdown; path = CONTRIBUTING.md; sourceTree = "<group>"; };
		14C0AF831BD6D4230009ECBE /* README.md */ = {isa = PBXFileReference; lastKnownFileType = net.daringfireball.markdown; path = README.md; sourceTree = "<group>"; };
		2EACAD72BB230F6D77A113AE /* Pods-CocoaPods-Tests.release.xcconfig */ = {isa = PBXFileReference; includeInIndex = 1; lastKnownFileType = text.xcconfig; name = "Pods-CocoaPods-Tests.release.xcconfig"; path = "Pods/Target Support Files/Pods-CocoaPods-Tests/Pods-CocoaPods-Tests.release.xcconfig"; sourceTree = "<group>"; };
		3B515DB15C3B1AF0B4A4845F /* Pods-CocoaPods-Custom.debug.xcconfig */ = {isa = PBXFileReference; includeInIndex = 1; lastKnownFileType = text.xcconfig; name = "Pods-CocoaPods-Custom.debug.xcconfig"; path = "Pods/Target Support Files/Pods-CocoaPods-Custom/Pods-CocoaPods-Custom.debug.xcconfig"; sourceTree = "<group>"; };
		724AF726159E5D86D051996B /* Pods_CocoaPods_Custom.framework */ = {isa = PBXFileReference; explicitFileType = wrapper.framework; includeInIndex = 0; path = Pods_CocoaPods_Custom.framework; sourceTree = BUILT_PRODUCTS_DIR; };
		7B8FB22143BCFF71F535D2CF /* Pods_CocoaPods_Native.framework */ = {isa = PBXFileReference; explicitFileType = wrapper.framework; includeInIndex = 0; path = Pods_CocoaPods_Native.framework; sourceTree = BUILT_PRODUCTS_DIR; };
		9C1C0345741E7AB2B034F042 /* Pods_CocoaPods_Tests.framework */ = {isa = PBXFileReference; explicitFileType = wrapper.framework; includeInIndex = 0; path = Pods_CocoaPods_Tests.framework; sourceTree = BUILT_PRODUCTS_DIR; };
		AC071EA78F2F8894578C0CC4 /* Pods-CocoaPods-Custom.release.xcconfig */ = {isa = PBXFileReference; includeInIndex = 1; lastKnownFileType = text.xcconfig; name = "Pods-CocoaPods-Custom.release.xcconfig"; path = "Pods/Target Support Files/Pods-CocoaPods-Custom/Pods-CocoaPods-Custom.release.xcconfig"; sourceTree = "<group>"; };
		B42EA062F8801682373C9B94 /* Pods-CocoaPods-Native.debug.xcconfig */ = {isa = PBXFileReference; includeInIndex = 1; lastKnownFileType = text.xcconfig; name = "Pods-CocoaPods-Native.debug.xcconfig"; path = "Pods/Target Support Files/Pods-CocoaPods-Native/Pods-CocoaPods-Native.debug.xcconfig"; sourceTree = "<group>"; };
		CFED924E433D0EB4037D3817 /* Pods-CocoaPods-Tests.debug.xcconfig */ = {isa = PBXFileReference; includeInIndex = 1; lastKnownFileType = text.xcconfig; name = "Pods-CocoaPods-Tests.debug.xcconfig"; path = "Pods/Target Support Files/Pods-CocoaPods-Tests/Pods-CocoaPods-Tests.debug.xcconfig"; sourceTree = "<group>"; };
/* End PBXFileReference section */

/* Begin PBXFrameworksBuildPhase section */
		14647AC31C4506360046399A /* Frameworks */ = {
			isa = PBXFrameworksBuildPhase;
			buildActionMask = 2147483647;
			files = (
				F09E820F0CA26D5E8C5034DB /* Pods_CocoaPods_Native.framework in Frameworks */,
			);
			runOnlyForDeploymentPostprocessing = 0;
		};
		14647AD41C45063C0046399A /* Frameworks */ = {
			isa = PBXFrameworksBuildPhase;
			buildActionMask = 2147483647;
			files = (
				5F264C2EF17055B9FB84C229 /* Pods_CocoaPods_Custom.framework in Frameworks */,
			);
			runOnlyForDeploymentPostprocessing = 0;
		};
		146D72A91AB782920058798C /* Frameworks */ = {
			isa = PBXFrameworksBuildPhase;
			buildActionMask = 2147483647;
			files = (
				36F1A36D4E0DCD4D0DA76D39 /* Pods_CocoaPods_Tests.framework in Frameworks */,
			);
			runOnlyForDeploymentPostprocessing = 0;
		};
/* End PBXFrameworksBuildPhase section */

/* Begin PBXGroup section */
		14647AC71C4506360046399A /* Native */ = {
			isa = PBXGroup;
			children = (
				14647AC81C4506360046399A /* AppDelegate.swift */,
				145FDD0F1C4506AF00F9DC70 /* Controller.swift */,
				145FDD101C4506AF00F9DC70 /* FormTextFieldCell.swift */,
				145FDD111C4506AF00F9DC70 /* HeaderCell.swift */,
				14647ACA1C4506360046399A /* Assets.xcassets */,
				14647ACC1C4506360046399A /* LaunchScreen.storyboard */,
				14647ACF1C4506360046399A /* Info.plist */,
				1469B03E1C4511670027138C /* Field.swift */,
			);
			path = Native;
			sourceTree = "<group>";
		};
		14647AD81C45063C0046399A /* Custom */ = {
			isa = PBXGroup;
			children = (
				14647AD91C45063C0046399A /* AppDelegate.swift */,
				145FDD151C4506D800F9DC70 /* Controller.swift */,
				145FDD161C4506D800F9DC70 /* CustomStyle.swift */,
				14647ADB1C45063C0046399A /* Assets.xcassets */,
				14647ADD1C45063C0046399A /* LaunchScreen.storyboard */,
				14647AE01C45063C0046399A /* Info.plist */,
			);
			path = Custom;
			sourceTree = "<group>";
		};
		146D728A1AB782920058798C = {
			isa = PBXGroup;
			children = (
				14C136501AB7849300B7B07A /* Metadata */,
				14647AC71C4506360046399A /* Native */,
				14647AD81C45063C0046399A /* Custom */,
				146D72AF1AB782920058798C /* Tests */,
				146D72941AB782920058798C /* Products */,
				9062B6463673E6F588458C9A /* Pods */,
				95B176314843EF7F56EF75AB /* Frameworks */,
			);
			indentWidth = 4;
			sourceTree = "<group>";
			tabWidth = 4;
		};
		146D72941AB782920058798C /* Products */ = {
			isa = PBXGroup;
			children = (
				146D72AC1AB782920058798C /* Tests.xctest */,
				14647AC61C4506360046399A /* Native.app */,
				14647AD71C45063C0046399A /* Custom.app */,
			);
			name = Products;
			sourceTree = "<group>";
		};
		146D72AF1AB782920058798C /* Tests */ = {
			isa = PBXGroup;
			children = (
				14A139B31AEFC72B00AD732F /* Tests.swift */,
				146D72B01AB782920058798C /* Supporting Files */,
			);
			path = Tests;
			sourceTree = "<group>";
		};
		146D72B01AB782920058798C /* Supporting Files */ = {
			isa = PBXGroup;
			children = (
				146D72B11AB782920058798C /* Info.plist */,
			);
			name = "Supporting Files";
			sourceTree = "<group>";
		};
		14C136501AB7849300B7B07A /* Metadata */ = {
			isa = PBXGroup;
			children = (
				14C0AF7F1BD6D4230009ECBE /* .slather.yml */,
				14C0AF801BD6D4230009ECBE /* .travis.yml */,
				14C0AF811BD6D4230009ECBE /* CHANGELOG.md */,
				14C0AF821BD6D4230009ECBE /* CONTRIBUTING.md */,
				14C0AF831BD6D4230009ECBE /* README.md */,
			);
			name = Metadata;
			sourceTree = "<group>";
		};
		9062B6463673E6F588458C9A /* Pods */ = {
			isa = PBXGroup;
			children = (
				3B515DB15C3B1AF0B4A4845F /* Pods-CocoaPods-Custom.debug.xcconfig */,
				AC071EA78F2F8894578C0CC4 /* Pods-CocoaPods-Custom.release.xcconfig */,
				B42EA062F8801682373C9B94 /* Pods-CocoaPods-Native.debug.xcconfig */,
				1168616E66E3D5AB2840B8B9 /* Pods-CocoaPods-Native.release.xcconfig */,
				CFED924E433D0EB4037D3817 /* Pods-CocoaPods-Tests.debug.xcconfig */,
				2EACAD72BB230F6D77A113AE /* Pods-CocoaPods-Tests.release.xcconfig */,
			);
			name = Pods;
			sourceTree = "<group>";
		};
		95B176314843EF7F56EF75AB /* Frameworks */ = {
			isa = PBXGroup;
			children = (
				724AF726159E5D86D051996B /* Pods_CocoaPods_Custom.framework */,
				7B8FB22143BCFF71F535D2CF /* Pods_CocoaPods_Native.framework */,
				9C1C0345741E7AB2B034F042 /* Pods_CocoaPods_Tests.framework */,
			);
			name = Frameworks;
			sourceTree = "<group>";
		};
/* End PBXGroup section */

/* Begin PBXNativeTarget section */
		14647AC51C4506360046399A /* Native */ = {
			isa = PBXNativeTarget;
			buildConfigurationList = 14647AD01C4506360046399A /* Build configuration list for PBXNativeTarget "Native" */;
			buildPhases = (
				40C1665062B54E4B71D32D9B /* 📦 Check Pods Manifest.lock */,
				14647AC21C4506360046399A /* Sources */,
				14647AC31C4506360046399A /* Frameworks */,
				14647AC41C4506360046399A /* Resources */,
				19C10FD373F790BD801E74A0 /* 📦 Embed Pods Frameworks */,
				3132C1906E868C9FD8846BDD /* 📦 Copy Pods Resources */,
			);
			buildRules = (
			);
			dependencies = (
			);
			name = Native;
			productName = Native;
			productReference = 14647AC61C4506360046399A /* Native.app */;
			productType = "com.apple.product-type.application";
		};
		14647AD61C45063C0046399A /* Custom */ = {
			isa = PBXNativeTarget;
			buildConfigurationList = 14647AE11C45063C0046399A /* Build configuration list for PBXNativeTarget "Custom" */;
			buildPhases = (
				031A08A02AF9B58EE815D1A4 /* 📦 Check Pods Manifest.lock */,
				14647AD31C45063C0046399A /* Sources */,
				14647AD41C45063C0046399A /* Frameworks */,
				14647AD51C45063C0046399A /* Resources */,
				D1D976667D715402710D50C8 /* 📦 Embed Pods Frameworks */,
				34FF83C7AC3A0742348AC8D2 /* 📦 Copy Pods Resources */,
			);
			buildRules = (
			);
			dependencies = (
			);
			name = Custom;
			productName = Custom;
			productReference = 14647AD71C45063C0046399A /* Custom.app */;
			productType = "com.apple.product-type.application";
		};
		146D72AB1AB782920058798C /* Tests */ = {
			isa = PBXNativeTarget;
			buildConfigurationList = 146D72B91AB782920058798C /* Build configuration list for PBXNativeTarget "Tests" */;
			buildPhases = (
				34F1A737080DDCAC91802DC3 /* 📦 Check Pods Manifest.lock */,
				146D72A81AB782920058798C /* Sources */,
				146D72A91AB782920058798C /* Frameworks */,
				146D72AA1AB782920058798C /* Resources */,
				A63940216AD2A4E13E0F4899 /* 📦 Embed Pods Frameworks */,
				C401965DD9CBEEA8BC9C4EE4 /* 📦 Copy Pods Resources */,
			);
			buildRules = (
			);
			dependencies = (
			);
			name = Tests;
			productName = PodTests;
			productReference = 146D72AC1AB782920058798C /* Tests.xctest */;
			productType = "com.apple.product-type.bundle.unit-test";
		};
/* End PBXNativeTarget section */

/* Begin PBXProject section */
		146D728B1AB782920058798C /* Project object */ = {
			isa = PBXProject;
			attributes = {
				CLASSPREFIX = "";
				LastSwiftUpdateCheck = 0720;
				LastUpgradeCheck = 0700;
				ORGANIZATIONNAME = "";
				TargetAttributes = {
					14647AC51C4506360046399A = {
						CreatedOnToolsVersion = 7.2;
					};
					14647AD61C45063C0046399A = {
						CreatedOnToolsVersion = 7.2;
					};
					146D72AB1AB782920058798C = {
						CreatedOnToolsVersion = 6.2;
					};
				};
			};
			buildConfigurationList = 146D728E1AB782920058798C /* Build configuration list for PBXProject "Demo" */;
			compatibilityVersion = "Xcode 3.2";
			developmentRegion = English;
			hasScannedForEncodings = 0;
			knownRegions = (
				en,
				Base,
			);
			mainGroup = 146D728A1AB782920058798C;
			productRefGroup = 146D72941AB782920058798C /* Products */;
			projectDirPath = "";
			projectRoot = "";
			targets = (
				146D72AB1AB782920058798C /* Tests */,
				14647AC51C4506360046399A /* Native */,
				14647AD61C45063C0046399A /* Custom */,
			);
		};
/* End PBXProject section */

/* Begin PBXResourcesBuildPhase section */
		14647AC41C4506360046399A /* Resources */ = {
			isa = PBXResourcesBuildPhase;
			buildActionMask = 2147483647;
			files = (
				14647ACB1C4506360046399A /* Assets.xcassets in Resources */,
				14647ACE1C4506360046399A /* LaunchScreen.storyboard in Resources */,
			);
			runOnlyForDeploymentPostprocessing = 0;
		};
		14647AD51C45063C0046399A /* Resources */ = {
			isa = PBXResourcesBuildPhase;
			buildActionMask = 2147483647;
			files = (
				14647ADC1C45063C0046399A /* Assets.xcassets in Resources */,
				14647ADF1C45063C0046399A /* LaunchScreen.storyboard in Resources */,
			);
			runOnlyForDeploymentPostprocessing = 0;
		};
		146D72AA1AB782920058798C /* Resources */ = {
			isa = PBXResourcesBuildPhase;
			buildActionMask = 2147483647;
			files = (
			);
			runOnlyForDeploymentPostprocessing = 0;
		};
/* End PBXResourcesBuildPhase section */

/* Begin PBXShellScriptBuildPhase section */
		031A08A02AF9B58EE815D1A4 /* 📦 Check Pods Manifest.lock */ = {
			isa = PBXShellScriptBuildPhase;
			buildActionMask = 2147483647;
			files = (
			);
			inputPaths = (
			);
			name = "📦 Check Pods Manifest.lock";
			outputPaths = (
			);
			runOnlyForDeploymentPostprocessing = 0;
			shellPath = /bin/sh;
			shellScript = "diff \"${PODS_ROOT}/../Podfile.lock\" \"${PODS_ROOT}/Manifest.lock\" > /dev/null\nif [[ $? != 0 ]] ; then\n    cat << EOM\nerror: The sandbox is not in sync with the Podfile.lock. Run 'pod install' or update your CocoaPods installation.\nEOM\n    exit 1\nfi\n";
			showEnvVarsInLog = 0;
		};
		19C10FD373F790BD801E74A0 /* 📦 Embed Pods Frameworks */ = {
			isa = PBXShellScriptBuildPhase;
			buildActionMask = 2147483647;
			files = (
			);
			inputPaths = (
			);
			name = "📦 Embed Pods Frameworks";
			outputPaths = (
			);
			runOnlyForDeploymentPostprocessing = 0;
			shellPath = /bin/sh;
			shellScript = "\"${SRCROOT}/Pods/Target Support Files/Pods-CocoaPods-Native/Pods-CocoaPods-Native-frameworks.sh\"\n";
			showEnvVarsInLog = 0;
		};
		3132C1906E868C9FD8846BDD /* 📦 Copy Pods Resources */ = {
			isa = PBXShellScriptBuildPhase;
			buildActionMask = 2147483647;
			files = (
			);
			inputPaths = (
			);
			name = "📦 Copy Pods Resources";
			outputPaths = (
			);
			runOnlyForDeploymentPostprocessing = 0;
			shellPath = /bin/sh;
			shellScript = "\"${SRCROOT}/Pods/Target Support Files/Pods-CocoaPods-Native/Pods-CocoaPods-Native-resources.sh\"\n";
			showEnvVarsInLog = 0;
		};
		34F1A737080DDCAC91802DC3 /* 📦 Check Pods Manifest.lock */ = {
			isa = PBXShellScriptBuildPhase;
			buildActionMask = 2147483647;
			files = (
			);
			inputPaths = (
			);
			name = "📦 Check Pods Manifest.lock";
			outputPaths = (
			);
			runOnlyForDeploymentPostprocessing = 0;
			shellPath = /bin/sh;
			shellScript = "diff \"${PODS_ROOT}/../Podfile.lock\" \"${PODS_ROOT}/Manifest.lock\" > /dev/null\nif [[ $? != 0 ]] ; then\n    cat << EOM\nerror: The sandbox is not in sync with the Podfile.lock. Run 'pod install' or update your CocoaPods installation.\nEOM\n    exit 1\nfi\n";
			showEnvVarsInLog = 0;
		};
		34FF83C7AC3A0742348AC8D2 /* 📦 Copy Pods Resources */ = {
			isa = PBXShellScriptBuildPhase;
			buildActionMask = 2147483647;
			files = (
			);
			inputPaths = (
			);
			name = "📦 Copy Pods Resources";
			outputPaths = (
			);
			runOnlyForDeploymentPostprocessing = 0;
			shellPath = /bin/sh;
			shellScript = "\"${SRCROOT}/Pods/Target Support Files/Pods-CocoaPods-Custom/Pods-CocoaPods-Custom-resources.sh\"\n";
			showEnvVarsInLog = 0;
		};
		40C1665062B54E4B71D32D9B /* 📦 Check Pods Manifest.lock */ = {
			isa = PBXShellScriptBuildPhase;
			buildActionMask = 2147483647;
			files = (
			);
			inputPaths = (
			);
			name = "📦 Check Pods Manifest.lock";
			outputPaths = (
			);
			runOnlyForDeploymentPostprocessing = 0;
			shellPath = /bin/sh;
			shellScript = "diff \"${PODS_ROOT}/../Podfile.lock\" \"${PODS_ROOT}/Manifest.lock\" > /dev/null\nif [[ $? != 0 ]] ; then\n    cat << EOM\nerror: The sandbox is not in sync with the Podfile.lock. Run 'pod install' or update your CocoaPods installation.\nEOM\n    exit 1\nfi\n";
			showEnvVarsInLog = 0;
		};
		A63940216AD2A4E13E0F4899 /* 📦 Embed Pods Frameworks */ = {
			isa = PBXShellScriptBuildPhase;
			buildActionMask = 2147483647;
			files = (
			);
			inputPaths = (
			);
			name = "📦 Embed Pods Frameworks";
			outputPaths = (
			);
			runOnlyForDeploymentPostprocessing = 0;
			shellPath = /bin/sh;
			shellScript = "\"${SRCROOT}/Pods/Target Support Files/Pods-CocoaPods-Tests/Pods-CocoaPods-Tests-frameworks.sh\"\n";
			showEnvVarsInLog = 0;
		};
		C401965DD9CBEEA8BC9C4EE4 /* 📦 Copy Pods Resources */ = {
			isa = PBXShellScriptBuildPhase;
			buildActionMask = 2147483647;
			files = (
			);
			inputPaths = (
			);
			name = "📦 Copy Pods Resources";
			outputPaths = (
			);
			runOnlyForDeploymentPostprocessing = 0;
			shellPath = /bin/sh;
			shellScript = "\"${SRCROOT}/Pods/Target Support Files/Pods-CocoaPods-Tests/Pods-CocoaPods-Tests-resources.sh\"\n";
			showEnvVarsInLog = 0;
		};
		D1D976667D715402710D50C8 /* 📦 Embed Pods Frameworks */ = {
			isa = PBXShellScriptBuildPhase;
			buildActionMask = 2147483647;
			files = (
			);
			inputPaths = (
			);
			name = "📦 Embed Pods Frameworks";
			outputPaths = (
			);
			runOnlyForDeploymentPostprocessing = 0;
			shellPath = /bin/sh;
			shellScript = "\"${SRCROOT}/Pods/Target Support Files/Pods-CocoaPods-Custom/Pods-CocoaPods-Custom-frameworks.sh\"\n";
			showEnvVarsInLog = 0;
		};
/* End PBXShellScriptBuildPhase section */

/* Begin PBXSourcesBuildPhase section */
		14647AC21C4506360046399A /* Sources */ = {
			isa = PBXSourcesBuildPhase;
			buildActionMask = 2147483647;
			files = (
				145FDD141C4506AF00F9DC70 /* HeaderCell.swift in Sources */,
				14647AC91C4506360046399A /* AppDelegate.swift in Sources */,
				145FDD131C4506AF00F9DC70 /* FormTextFieldCell.swift in Sources */,
				1469B03F1C4511670027138C /* Field.swift in Sources */,
				145FDD121C4506AF00F9DC70 /* Controller.swift in Sources */,
			);
			runOnlyForDeploymentPostprocessing = 0;
		};
		14647AD31C45063C0046399A /* Sources */ = {
			isa = PBXSourcesBuildPhase;
			buildActionMask = 2147483647;
			files = (
				14647ADA1C45063C0046399A /* AppDelegate.swift in Sources */,
				145FDD181C4506D800F9DC70 /* CustomStyle.swift in Sources */,
				145FDD171C4506D800F9DC70 /* Controller.swift in Sources */,
			);
			runOnlyForDeploymentPostprocessing = 0;
		};
		146D72A81AB782920058798C /* Sources */ = {
			isa = PBXSourcesBuildPhase;
			buildActionMask = 2147483647;
			files = (
				14A139B41AEFC72B00AD732F /* Tests.swift in Sources */,
			);
			runOnlyForDeploymentPostprocessing = 0;
		};
/* End PBXSourcesBuildPhase section */

/* Begin PBXVariantGroup section */
		14647ACC1C4506360046399A /* LaunchScreen.storyboard */ = {
			isa = PBXVariantGroup;
			children = (
				14647ACD1C4506360046399A /* Base */,
			);
			name = LaunchScreen.storyboard;
			sourceTree = "<group>";
		};
		14647ADD1C45063C0046399A /* LaunchScreen.storyboard */ = {
			isa = PBXVariantGroup;
			children = (
				14647ADE1C45063C0046399A /* Base */,
			);
			name = LaunchScreen.storyboard;
			sourceTree = "<group>";
		};
/* End PBXVariantGroup section */

/* Begin XCBuildConfiguration section */
		14647AD11C4506360046399A /* Debug */ = {
			isa = XCBuildConfiguration;
			baseConfigurationReference = B42EA062F8801682373C9B94 /* Pods-CocoaPods-Native.debug.xcconfig */;
			buildSettings = {
				ASSETCATALOG_COMPILER_APPICON_NAME = AppIcon;
				DEBUG_INFORMATION_FORMAT = dwarf;
				GCC_NO_COMMON_BLOCKS = YES;
				INFOPLIST_FILE = Native/Info.plist;
				IPHONEOS_DEPLOYMENT_TARGET = 9.2;
				LD_RUNPATH_SEARCH_PATHS = "$(inherited) @executable_path/Frameworks";
				PRODUCT_BUNDLE_IDENTIFIER = com.demo.Native;
				PRODUCT_NAME = "$(TARGET_NAME)";
				SWIFT_OPTIMIZATION_LEVEL = "-Onone";
			};
			name = Debug;
		};
		14647AD21C4506360046399A /* Release */ = {
			isa = XCBuildConfiguration;
			baseConfigurationReference = 1168616E66E3D5AB2840B8B9 /* Pods-CocoaPods-Native.release.xcconfig */;
			buildSettings = {
				ASSETCATALOG_COMPILER_APPICON_NAME = AppIcon;
				DEBUG_INFORMATION_FORMAT = "dwarf-with-dsym";
				GCC_NO_COMMON_BLOCKS = YES;
				INFOPLIST_FILE = Native/Info.plist;
				IPHONEOS_DEPLOYMENT_TARGET = 9.2;
				LD_RUNPATH_SEARCH_PATHS = "$(inherited) @executable_path/Frameworks";
				PRODUCT_BUNDLE_IDENTIFIER = com.demo.Native;
				PRODUCT_NAME = "$(TARGET_NAME)";
			};
			name = Release;
		};
		14647AE21C45063C0046399A /* Debug */ = {
			isa = XCBuildConfiguration;
			baseConfigurationReference = 3B515DB15C3B1AF0B4A4845F /* Pods-CocoaPods-Custom.debug.xcconfig */;
			buildSettings = {
				ASSETCATALOG_COMPILER_APPICON_NAME = AppIcon;
				DEBUG_INFORMATION_FORMAT = dwarf;
				GCC_NO_COMMON_BLOCKS = YES;
				INFOPLIST_FILE = Custom/Info.plist;
				IPHONEOS_DEPLOYMENT_TARGET = 9.2;
				LD_RUNPATH_SEARCH_PATHS = "$(inherited) @executable_path/Frameworks";
				PRODUCT_BUNDLE_IDENTIFIER = com.demo.Custom;
				PRODUCT_NAME = "$(TARGET_NAME)";
				SWIFT_OPTIMIZATION_LEVEL = "-Onone";
			};
			name = Debug;
		};
		14647AE31C45063C0046399A /* Release */ = {
			isa = XCBuildConfiguration;
			baseConfigurationReference = AC071EA78F2F8894578C0CC4 /* Pods-CocoaPods-Custom.release.xcconfig */;
			buildSettings = {
				ASSETCATALOG_COMPILER_APPICON_NAME = AppIcon;
				DEBUG_INFORMATION_FORMAT = "dwarf-with-dsym";
				GCC_NO_COMMON_BLOCKS = YES;
				INFOPLIST_FILE = Custom/Info.plist;
				IPHONEOS_DEPLOYMENT_TARGET = 9.2;
				LD_RUNPATH_SEARCH_PATHS = "$(inherited) @executable_path/Frameworks";
				PRODUCT_BUNDLE_IDENTIFIER = com.demo.Custom;
				PRODUCT_NAME = "$(TARGET_NAME)";
			};
			name = Release;
		};
		146D72B41AB782920058798C /* Debug */ = {
			isa = XCBuildConfiguration;
			buildSettings = {
				ALWAYS_SEARCH_USER_PATHS = NO;
				CLANG_CXX_LANGUAGE_STANDARD = "gnu++0x";
				CLANG_CXX_LIBRARY = "libc++";
				CLANG_ENABLE_MODULES = YES;
				CLANG_ENABLE_OBJC_ARC = YES;
				CLANG_WARN_BOOL_CONVERSION = YES;
				CLANG_WARN_CONSTANT_CONVERSION = YES;
				CLANG_WARN_DIRECT_OBJC_ISA_USAGE = YES_ERROR;
				CLANG_WARN_EMPTY_BODY = YES;
				CLANG_WARN_ENUM_CONVERSION = YES;
				CLANG_WARN_INT_CONVERSION = YES;
				CLANG_WARN_OBJC_ROOT_CLASS = YES_ERROR;
				CLANG_WARN_UNREACHABLE_CODE = YES;
				CLANG_WARN__DUPLICATE_METHOD_MATCH = YES;
				"CODE_SIGN_IDENTITY[sdk=iphoneos*]" = "iPhone Developer";
				COPY_PHASE_STRIP = NO;
				ENABLE_STRICT_OBJC_MSGSEND = YES;
				ENABLE_TESTABILITY = YES;
				GCC_C_LANGUAGE_STANDARD = gnu99;
				GCC_DYNAMIC_NO_PIC = NO;
				GCC_OPTIMIZATION_LEVEL = 0;
				GCC_PREPROCESSOR_DEFINITIONS = (
					"DEBUG=1",
					"$(inherited)",
				);
				GCC_SYMBOLS_PRIVATE_EXTERN = NO;
				GCC_WARN_64_TO_32_BIT_CONVERSION = YES;
				GCC_WARN_ABOUT_RETURN_TYPE = YES_ERROR;
				GCC_WARN_UNDECLARED_SELECTOR = YES;
				GCC_WARN_UNINITIALIZED_AUTOS = YES_AGGRESSIVE;
				GCC_WARN_UNUSED_FUNCTION = YES;
				GCC_WARN_UNUSED_VARIABLE = YES;
				IPHONEOS_DEPLOYMENT_TARGET = 8.0;
				MTL_ENABLE_DEBUG_INFO = YES;
				ONLY_ACTIVE_ARCH = YES;
				SDKROOT = iphoneos;
			};
			name = Debug;
		};
		146D72B51AB782920058798C /* Release */ = {
			isa = XCBuildConfiguration;
			buildSettings = {
				ALWAYS_SEARCH_USER_PATHS = NO;
				CLANG_CXX_LANGUAGE_STANDARD = "gnu++0x";
				CLANG_CXX_LIBRARY = "libc++";
				CLANG_ENABLE_MODULES = YES;
				CLANG_ENABLE_OBJC_ARC = YES;
				CLANG_WARN_BOOL_CONVERSION = YES;
				CLANG_WARN_CONSTANT_CONVERSION = YES;
				CLANG_WARN_DIRECT_OBJC_ISA_USAGE = YES_ERROR;
				CLANG_WARN_EMPTY_BODY = YES;
				CLANG_WARN_ENUM_CONVERSION = YES;
				CLANG_WARN_INT_CONVERSION = YES;
				CLANG_WARN_OBJC_ROOT_CLASS = YES_ERROR;
				CLANG_WARN_UNREACHABLE_CODE = YES;
				CLANG_WARN__DUPLICATE_METHOD_MATCH = YES;
				"CODE_SIGN_IDENTITY[sdk=iphoneos*]" = "iPhone Developer";
				COPY_PHASE_STRIP = NO;
				ENABLE_NS_ASSERTIONS = NO;
				ENABLE_STRICT_OBJC_MSGSEND = YES;
				GCC_C_LANGUAGE_STANDARD = gnu99;
				GCC_WARN_64_TO_32_BIT_CONVERSION = YES;
				GCC_WARN_ABOUT_RETURN_TYPE = YES_ERROR;
				GCC_WARN_UNDECLARED_SELECTOR = YES;
				GCC_WARN_UNINITIALIZED_AUTOS = YES_AGGRESSIVE;
				GCC_WARN_UNUSED_FUNCTION = YES;
				GCC_WARN_UNUSED_VARIABLE = YES;
				IPHONEOS_DEPLOYMENT_TARGET = 8.0;
				MTL_ENABLE_DEBUG_INFO = NO;
				SDKROOT = iphoneos;
				VALIDATE_PRODUCT = YES;
			};
			name = Release;
		};
		146D72BA1AB782920058798C /* Debug */ = {
			isa = XCBuildConfiguration;
			baseConfigurationReference = CFED924E433D0EB4037D3817 /* Pods-CocoaPods-Tests.debug.xcconfig */;
			buildSettings = {
				CLANG_ENABLE_MODULES = YES;
				FRAMEWORK_SEARCH_PATHS = "$(inherited)";
				GCC_PREPROCESSOR_DEFINITIONS = (
					"DEBUG=1",
					"$(inherited)",
				);
				INFOPLIST_FILE = Tests/Info.plist;
				LD_RUNPATH_SEARCH_PATHS = "$(inherited) @executable_path/Frameworks @loader_path/Frameworks";
				PRODUCT_BUNDLE_IDENTIFIER = "com.sample.$(PRODUCT_NAME:rfc1034identifier)";
				PRODUCT_NAME = "$(TARGET_NAME)";
				SWIFT_OPTIMIZATION_LEVEL = "-Onone";
			};
			name = Debug;
		};
		146D72BB1AB782920058798C /* Release */ = {
			isa = XCBuildConfiguration;
			baseConfigurationReference = 2EACAD72BB230F6D77A113AE /* Pods-CocoaPods-Tests.release.xcconfig */;
			buildSettings = {
				CLANG_ENABLE_MODULES = YES;
				FRAMEWORK_SEARCH_PATHS = "$(inherited)";
				INFOPLIST_FILE = Tests/Info.plist;
				LD_RUNPATH_SEARCH_PATHS = "$(inherited) @executable_path/Frameworks @loader_path/Frameworks";
				PRODUCT_BUNDLE_IDENTIFIER = "com.sample.$(PRODUCT_NAME:rfc1034identifier)";
				PRODUCT_NAME = "$(TARGET_NAME)";
			};
			name = Release;
		};
/* End XCBuildConfiguration section */

/* Begin XCConfigurationList section */
		14647AD01C4506360046399A /* Build configuration list for PBXNativeTarget "Native" */ = {
			isa = XCConfigurationList;
			buildConfigurations = (
				14647AD11C4506360046399A /* Debug */,
				14647AD21C4506360046399A /* Release */,
			);
			defaultConfigurationIsVisible = 0;
			defaultConfigurationName = Release;
		};
		14647AE11C45063C0046399A /* Build configuration list for PBXNativeTarget "Custom" */ = {
			isa = XCConfigurationList;
			buildConfigurations = (
				14647AE21C45063C0046399A /* Debug */,
				14647AE31C45063C0046399A /* Release */,
			);
			defaultConfigurationIsVisible = 0;
			defaultConfigurationName = Release;
		};
		146D728E1AB782920058798C /* Build configuration list for PBXProject "Demo" */ = {
			isa = XCConfigurationList;
			buildConfigurations = (
				146D72B41AB782920058798C /* Debug */,
				146D72B51AB782920058798C /* Release */,
			);
			defaultConfigurationIsVisible = 0;
			defaultConfigurationName = Release;
		};
		146D72B91AB782920058798C /* Build configuration list for PBXNativeTarget "Tests" */ = {
			isa = XCConfigurationList;
			buildConfigurations = (
				146D72BA1AB782920058798C /* Debug */,
				146D72BB1AB782920058798C /* Release */,
			);
			defaultConfigurationIsVisible = 0;
			defaultConfigurationName = Release;
		};
/* End XCConfigurationList section */
	};
	rootObject = 146D728B1AB782920058798C /* Project object */;
}
